{
  "version": 4,
  "terraform_version": "1.4.4",
  "serial": 32,
  "lineage": "8ed19998-a14e-9854-c018-a97e2345ee02",
  "outputs": {},
  "resources": [
    {
      "mode": "managed",
      "type": "helm_release",
      "name": "kafka",
      "provider": "provider[\"registry.terraform.io/hashicorp/helm\"]",
      "instances": [
        {
          "schema_version": 1,
          "attributes": {
            "atomic": false,
            "chart": "./helm/shared-kafka",
            "cleanup_on_fail": false,
            "create_namespace": true,
            "dependency_update": false,
            "description": null,
            "devel": null,
            "disable_crd_hooks": false,
            "disable_openapi_validation": false,
            "disable_webhooks": false,
            "force_update": false,
            "id": "kafka",
            "keyring": null,
            "lint": false,
            "manifest": null,
            "max_history": 0,
            "metadata": [
              {
                "app_version": "3.3.2-debian-11-r22",
                "chart": "shared-kafka",
                "name": "kafka",
                "namespace": "shared",
                "revision": 1,
                "values": "{\"image\":{\"repository\":\"bitnami/kafka\",\"tag\":\"3.3.2-debian-11-r22\"},\"serviceAccount\":{\"name\":\"shared-kafka\"}}",
                "version": "3.3.1"
              }
            ],
            "name": "kafka",
            "namespace": "shared",
            "pass_credentials": false,
            "postrender": [],
            "recreate_pods": false,
            "render_subchart_notes": true,
            "replace": false,
            "repository": null,
            "repository_ca_file": null,
            "repository_cert_file": null,
            "repository_key_file": null,
            "repository_password": null,
            "repository_username": null,
            "reset_values": false,
            "reuse_values": false,
            "set": [
              {
                "name": "image.repository",
                "type": "",
                "value": "bitnami/kafka"
              },
              {
                "name": "image.tag",
                "type": "",
                "value": "3.3.2-debian-11-r22"
              },
              {
                "name": "serviceAccount.name",
                "type": "",
                "value": "shared-kafka"
              }
            ],
            "set_sensitive": [],
            "skip_crds": false,
            "status": "deployed",
            "timeout": 300,
            "values": null,
            "verify": false,
            "version": "3.3.1",
            "wait": true,
            "wait_for_jobs": false
          },
          "sensitive_attributes": [],
          "private": "eyJzY2hlbWFfdmVyc2lvbiI6IjEifQ=="
        }
      ]
    },
    {
      "mode": "managed",
      "type": "helm_release",
      "name": "postgres",
      "provider": "provider[\"registry.terraform.io/hashicorp/helm\"]",
      "instances": [
        {
          "schema_version": 1,
          "attributes": {
            "atomic": false,
            "chart": "./helm/shared-postgres",
            "cleanup_on_fail": false,
            "create_namespace": true,
            "dependency_update": false,
            "description": null,
            "devel": null,
            "disable_crd_hooks": false,
            "disable_openapi_validation": false,
            "disable_webhooks": false,
            "force_update": false,
            "id": "postgres",
            "keyring": null,
            "lint": false,
            "manifest": null,
            "max_history": 0,
            "metadata": [
              {
                "app_version": "14.4.0",
                "chart": "postgresql",
                "name": "postgres",
                "namespace": "shared",
                "revision": 1,
                "values": "{\"global\":{\"postgresql\":{\"auth\":{\"postgresPassword\":\"postgres\"}}},\"primary\":{\"initdb\":{\"scripts\":{\"create-databases.sql\":\"CREATE ROLE \\\"mobiusserver12\\\" WITH LOGIN NOSUPERUSER NOCREATEDB NOCREATEROLE INHERIT NOREPLICATION CONNECTION LIMIT -1 PASSWORD 'postgres';\\nCREATE ROLE \\\"mobiusview12\\\" WITH LOGIN NOSUPERUSER NOCREATEDB NOCREATEROLE INHERIT NOREPLICATION CONNECTION LIMIT -1 PASSWORD 'postgres';\\nCREATE ROLE \\\"eventanalytics\\\" WITH LOGIN NOSUPERUSER NOCREATEDB NOCREATEROLE INHERIT NOREPLICATION CONNECTION LIMIT -1 PASSWORD 'postgres';\\nCREATE DATABASE \\\"mobiusserver12\\\" WITH OWNER = \\\"mobiusserver12\\\" TEMPLATE = template0 ENCODING = 'UTF8' LC_COLLATE = 'C' LC_CTYPE = 'C' TABLESPACE = pg_default CONNECTION LIMIT = -1;\\nCREATE DATABASE \\\"mobiusview12\\\" WITH OWNER = \\\"mobiusview12\\\" TEMPLATE = template0 ENCODING = 'UTF8' LC_COLLATE = 'C' LC_CTYPE = 'C' TABLESPACE = pg_default CONNECTION LIMIT = -1;\\nCREATE DATABASE \\\"eventanalytics\\\" WITH OWNER = \\\"eventanalytics\\\" TEMPLATE = template0 ENCODING = 'UTF8' LC_COLLATE = 'C' LC_CTYPE = 'C' TABLESPACE = pg_default CONNECTION LIMIT = -1;\\n\"}}}}",
                "version": "11.6.16"
              }
            ],
            "name": "postgres",
            "namespace": "shared",
            "pass_credentials": false,
            "postrender": [],
            "recreate_pods": false,
            "render_subchart_notes": true,
            "replace": false,
            "repository": null,
            "repository_ca_file": null,
            "repository_cert_file": null,
            "repository_key_file": null,
            "repository_password": null,
            "repository_username": null,
            "reset_values": false,
            "reuse_values": false,
            "set": [
              {
                "name": "global.postgresql.auth.postgresPassword",
                "type": "",
                "value": "postgres"
              },
              {
                "name": "primary.initdb.scripts.create-databases\\.sql",
                "type": "",
                "value": "CREATE ROLE \"mobiusserver12\" WITH LOGIN NOSUPERUSER NOCREATEDB NOCREATEROLE INHERIT NOREPLICATION CONNECTION LIMIT -1 PASSWORD 'postgres';\nCREATE ROLE \"mobiusview12\" WITH LOGIN NOSUPERUSER NOCREATEDB NOCREATEROLE INHERIT NOREPLICATION CONNECTION LIMIT -1 PASSWORD 'postgres';\nCREATE ROLE \"eventanalytics\" WITH LOGIN NOSUPERUSER NOCREATEDB NOCREATEROLE INHERIT NOREPLICATION CONNECTION LIMIT -1 PASSWORD 'postgres';\nCREATE DATABASE \"mobiusserver12\" WITH OWNER = \"mobiusserver12\" TEMPLATE = template0 ENCODING = 'UTF8' LC_COLLATE = 'C' LC_CTYPE = 'C' TABLESPACE = pg_default CONNECTION LIMIT = -1;\nCREATE DATABASE \"mobiusview12\" WITH OWNER = \"mobiusview12\" TEMPLATE = template0 ENCODING = 'UTF8' LC_COLLATE = 'C' LC_CTYPE = 'C' TABLESPACE = pg_default CONNECTION LIMIT = -1;\nCREATE DATABASE \"eventanalytics\" WITH OWNER = \"eventanalytics\" TEMPLATE = template0 ENCODING = 'UTF8' LC_COLLATE = 'C' LC_CTYPE = 'C' TABLESPACE = pg_default CONNECTION LIMIT = -1;\n"
              }
            ],
            "set_sensitive": [],
            "skip_crds": false,
            "status": "deployed",
            "timeout": 300,
            "values": null,
            "verify": false,
            "version": "11.6.16",
            "wait": true,
            "wait_for_jobs": false
          },
          "sensitive_attributes": [],
          "private": "eyJzY2hlbWFfdmVyc2lvbiI6IjEifQ=="
        }
      ]
    }
  ],
  "check_results": null
}
