{
  "version": 4,
  "terraform_version": "1.4.4",
  "serial": 125,
  "lineage": "e25f1da2-dc20-fd96-991f-dda23b16a823",
  "outputs": {},
  "resources": [
    {
      "mode": "managed",
      "type": "helm_release",
      "name": "mobius12",
      "provider": "provider[\"registry.terraform.io/hashicorp/helm\"]",
      "instances": [
        {
          "schema_version": 1,
          "attributes": {
            "atomic": false,
            "chart": "./helm/mobius-12.0.0",
            "cleanup_on_fail": false,
            "create_namespace": true,
            "dependency_update": false,
            "description": null,
            "devel": null,
            "disable_crd_hooks": false,
            "disable_openapi_validation": false,
            "disable_webhooks": false,
            "force_update": false,
            "id": "mobius12",
            "keyring": null,
            "lint": false,
            "manifest": null,
            "max_history": 0,
            "metadata": [
              {
                "app_version": "12",
                "chart": "mobius",
                "name": "mobius12",
                "namespace": "mobius",
                "revision": 1,
                "values": "{\"image\":{\"repository\":\"registry.asg.com/mobius-server\",\"tag\":\"12.1.0\"},\"mobius\":{\"admin\":{\"group\":\"mobiusadmin\",\"user\":\"admin\"},\"clustering\":{\"kubernetes\":{\"namespace\":\"mobius\"}},\"fts\":{\"host\":\"elasticsearch-master.shared\"},\"mobiusDiagnostics\":{\"persistentVolume\":{\"claimName\":\"pvc-mobius12-diagnose\",\"size\":\"1Gi\",\"volumeName\":\"pv-mobius12-diagnose\"}},\"persistentVolume\":{\"claimName\":\"pvc-mobius12-efs\",\"size\":\"1Gi\",\"volumeName\":\"pv-mobius12-efs\"},\"rds\":{\"protocol\":5432,\"provider\":\"POSTGRESQL\"}},\"storageClassName\":\"microk8s-hostpath\"}",
                "version": "12.0.0"
              }
            ],
            "name": "mobius12",
            "namespace": "mobius",
            "pass_credentials": false,
            "postrender": [],
            "recreate_pods": false,
            "render_subchart_notes": true,
            "replace": false,
            "repository": null,
            "repository_ca_file": null,
            "repository_cert_file": null,
            "repository_key_file": null,
            "repository_password": null,
            "repository_username": null,
            "reset_values": false,
            "reuse_values": false,
            "set": [
              {
                "name": "image.repository",
                "type": "",
                "value": "registry.asg.com/mobius-server"
              },
              {
                "name": "image.tag",
                "type": "",
                "value": "12.1.0"
              },
              {
                "name": "mobius.admin.group",
                "type": "",
                "value": "mobiusadmin"
              },
              {
                "name": "mobius.admin.user",
                "type": "",
                "value": "admin"
              },
              {
                "name": "mobius.clustering.kubernetes.namespace",
                "type": "",
                "value": "mobius"
              },
              {
                "name": "mobius.fts.host",
                "type": "",
                "value": "elasticsearch-master.shared"
              },
              {
                "name": "mobius.mobiusDiagnostics.persistentVolume.claimName",
                "type": "",
                "value": "pvc-mobius12-diagnose"
              },
              {
                "name": "mobius.mobiusDiagnostics.persistentVolume.size",
                "type": "",
                "value": "1Gi"
              },
              {
                "name": "mobius.mobiusDiagnostics.persistentVolume.volumeName",
                "type": "",
                "value": "pv-mobius12-diagnose"
              },
              {
                "name": "mobius.persistentVolume.claimName",
                "type": "",
                "value": "pvc-mobius12-efs"
              },
              {
                "name": "mobius.persistentVolume.size",
                "type": "",
                "value": "1Gi"
              },
              {
                "name": "mobius.persistentVolume.volumeName",
                "type": "",
                "value": "pv-mobius12-efs"
              },
              {
                "name": "mobius.rds.protocol",
                "type": "",
                "value": "5432"
              },
              {
                "name": "mobius.rds.provider",
                "type": "",
                "value": "POSTGRESQL"
              },
              {
                "name": "storageClassName",
                "type": "",
                "value": "microk8s-hostpath"
              }
            ],
            "set_sensitive": [],
            "skip_crds": false,
            "status": "deployed",
            "timeout": 300,
            "values": null,
            "verify": false,
            "version": "12.0.0",
            "wait": true,
            "wait_for_jobs": false
          },
          "sensitive_attributes": [],
          "private": "eyJzY2hlbWFfdmVyc2lvbiI6IjEifQ=="
        }
      ]
    },
    {
      "mode": "managed",
      "type": "kubernetes_namespace",
      "name": "mobius",
      "provider": "provider[\"registry.terraform.io/hashicorp/kubernetes\"]",
      "instances": [
        {
          "schema_version": 0,
          "attributes": {
            "id": "mobius",
            "metadata": [
              {
                "annotations": {
                  "name": "mobius"
                },
                "generate_name": "",
                "generation": 0,
                "labels": {
                  "mylabel": "mobius"
                },
                "name": "mobius",
                "resource_version": "12424",
                "uid": "4501d800-ec8f-48e7-ba9e-fbae7555269e"
              }
            ],
            "timeouts": null
          },
          "sensitive_attributes": [],
          "private": "eyJlMmJmYjczMC1lY2FhLTExZTYtOGY4OC0zNDM2M2JjN2M0YzAiOnsiZGVsZXRlIjozMDAwMDAwMDAwMDB9fQ=="
        }
      ]
    },
    {
      "mode": "managed",
      "type": "kubernetes_persistent_volume_claim",
      "name": "mobius12-diag",
      "provider": "provider[\"registry.terraform.io/hashicorp/kubernetes\"]",
      "instances": [
        {
          "schema_version": 0,
          "attributes": {
            "id": "mobius/pvc-mobius12-diagnose",
            "metadata": [
              {
                "annotations": null,
                "generate_name": "",
                "generation": 0,
                "labels": null,
                "name": "pvc-mobius12-diagnose",
                "namespace": "mobius",
                "resource_version": "12481",
                "uid": "03cf49c4-3ac8-45b4-bdbb-52fa4188abf3"
              }
            ],
            "spec": [
              {
                "access_modes": [
                  "ReadWriteOnce"
                ],
                "resources": [
                  {
                    "limits": null,
                    "requests": {
                      "storage": "1Gi"
                    }
                  }
                ],
                "selector": [],
                "storage_class_name": "local-path",
                "volume_name": "pvc-03cf49c4-3ac8-45b4-bdbb-52fa4188abf3"
              }
            ],
            "timeouts": null,
            "wait_until_bound": true
          },
          "sensitive_attributes": [],
          "private": "eyJlMmJmYjczMC1lY2FhLTExZTYtOGY4OC0zNDM2M2JjN2M0YzAiOnsiY3JlYXRlIjozMDAwMDAwMDAwMDB9fQ=="
        }
      ]
    },
    {
      "mode": "managed",
      "type": "kubernetes_persistent_volume_claim",
      "name": "mobius12-efs",
      "provider": "provider[\"registry.terraform.io/hashicorp/kubernetes\"]",
      "instances": [
        {
          "schema_version": 0,
          "attributes": {
            "id": "mobius/pvc-mobius12-efs",
            "metadata": [
              {
                "annotations": null,
                "generate_name": "",
                "generation": 0,
                "labels": null,
                "name": "pvc-mobius12-efs",
                "namespace": "mobius",
                "resource_version": "12484",
                "uid": "d39f256b-4e9d-4d08-82dc-07bcf6aca55c"
              }
            ],
            "spec": [
              {
                "access_modes": [
                  "ReadWriteOnce"
                ],
                "resources": [
                  {
                    "limits": null,
                    "requests": {
                      "storage": "1Gi"
                    }
                  }
                ],
                "selector": [],
                "storage_class_name": "local-path",
                "volume_name": "pvc-d39f256b-4e9d-4d08-82dc-07bcf6aca55c"
              }
            ],
            "timeouts": null,
            "wait_until_bound": true
          },
          "sensitive_attributes": [],
          "private": "eyJlMmJmYjczMC1lY2FhLTExZTYtOGY4OC0zNDM2M2JjN2M0YzAiOnsiY3JlYXRlIjozMDAwMDAwMDAwMDB9fQ=="
        }
      ]
    },
    {
      "mode": "managed",
      "type": "kubernetes_secret",
      "name": "mobius12",
      "provider": "provider[\"registry.terraform.io/hashicorp/kubernetes\"]",
      "instances": [
        {
          "schema_version": 0,
          "attributes": {
            "binary_data": null,
            "data": {
              "endpoint": "postgres-postgresql.shared",
              "password": "postgres",
              "port": "5432",
              "schema": "mobiusserver12",
              "topicPassword": "postgres",
              "topicUrl": "jdbc:postgresql://postgres-postgresql.shared:5432/eventanalytics",
              "topicUser": "eventanalytics",
              "user": "mobiusserver12"
            },
            "id": "mobius/mobius-server-secrets",
            "immutable": false,
            "metadata": [
              {
                "annotations": null,
                "generate_name": "",
                "generation": 0,
                "labels": null,
                "name": "mobius-server-secrets",
                "namespace": "mobius",
                "resource_version": "12428",
                "uid": "0773ea19-9efe-47b4-a95f-0f90cfd980e7"
              }
            ],
            "timeouts": null,
            "type": "Opaque",
            "wait_for_service_account_token": true
          },
          "sensitive_attributes": [],
          "private": "eyJlMmJmYjczMC1lY2FhLTExZTYtOGY4OC0zNDM2M2JjN2M0YzAiOnsiY3JlYXRlIjo2MDAwMDAwMDAwMH19"
        }
      ]
    }
  ],
  "check_results": null
}
