{
  "version": 4,
  "terraform_version": "1.4.4",
  "serial": 3,
  "lineage": "69b5e174-8ddb-b397-08f3-c27c0b87a325",
  "outputs": {},
  "resources": [
    {
      "mode": "managed",
      "type": "helm_release",
      "name": "mobius12",
      "provider": "provider[\"registry.terraform.io/hashicorp/helm\"]",
      "instances": [
        {
          "status": "tainted",
          "schema_version": 1,
          "attributes": {
            "atomic": false,
            "chart": "./helm/mobius-12.0.0",
            "cleanup_on_fail": false,
            "create_namespace": true,
            "dependency_update": false,
            "description": null,
            "devel": null,
            "disable_crd_hooks": false,
            "disable_openapi_validation": false,
            "disable_webhooks": false,
            "force_update": false,
            "id": "mobius12",
            "keyring": null,
            "lint": false,
            "manifest": null,
            "max_history": 0,
            "metadata": [
              {
                "app_version": "12",
                "chart": "mobius",
                "name": "mobius12",
                "namespace": "mobius-sales",
                "revision": 1,
                "values": "{\"image\":{\"repository\":\"registry.asg.com/mobius-server\",\"tag\":\"12.0.0\"},\"mobius\":{\"admin\":{\"group\":\"mobiusadmin\",\"user\":\"admin\"},\"clustering\":{\"kubernetes\":{\"namespace\":\"mobius-sales\"}},\"fts\":{\"host\":\"elasticsearch-master.shared\"},\"mobiusDiagnostics\":{\"persistentVolume\":{\"claimName\":\"pvc-mobius12-diagnose\",\"size\":\"1Gi\",\"volumeName\":\"pv-mobius12-diagnose\"}},\"persistentVolume\":{\"claimName\":\"pvc-mobius12-efs\",\"size\":\"1Gi\",\"volumeName\":\"pv-mobius12-efs\"},\"rds\":{\"protocol\":5432,\"provider\":\"POSTGRESQL\"}},\"storageClassName\":\"microk8s-hostpath\"}",
                "version": "12.0.0"
              }
            ],
            "name": "mobius12",
            "namespace": "mobius-sales",
            "pass_credentials": false,
            "postrender": [],
            "recreate_pods": false,
            "render_subchart_notes": true,
            "replace": false,
            "repository": null,
            "repository_ca_file": null,
            "repository_cert_file": null,
            "repository_key_file": null,
            "repository_password": null,
            "repository_username": null,
            "reset_values": false,
            "reuse_values": false,
            "set": [
              {
                "name": "image.repository",
                "type": "",
                "value": "registry.asg.com/mobius-server"
              },
              {
                "name": "image.tag",
                "type": "",
                "value": "12.0.0"
              },
              {
                "name": "mobius.admin.group",
                "type": "",
                "value": "mobiusadmin"
              },
              {
                "name": "mobius.admin.user",
                "type": "",
                "value": "admin"
              },
              {
                "name": "mobius.clustering.kubernetes.namespace",
                "type": "",
                "value": "mobius-sales"
              },
              {
                "name": "mobius.fts.host",
                "type": "",
                "value": "elasticsearch-master.shared"
              },
              {
                "name": "mobius.mobiusDiagnostics.persistentVolume.claimName",
                "type": "",
                "value": "pvc-mobius12-diagnose"
              },
              {
                "name": "mobius.mobiusDiagnostics.persistentVolume.size",
                "type": "",
                "value": "1Gi"
              },
              {
                "name": "mobius.mobiusDiagnostics.persistentVolume.volumeName",
                "type": "",
                "value": "pv-mobius12-diagnose"
              },
              {
                "name": "mobius.persistentVolume.claimName",
                "type": "",
                "value": "pvc-mobius12-efs"
              },
              {
                "name": "mobius.persistentVolume.size",
                "type": "",
                "value": "1Gi"
              },
              {
                "name": "mobius.persistentVolume.volumeName",
                "type": "",
                "value": "pv-mobius12-efs"
              },
              {
                "name": "mobius.rds.protocol",
                "type": "",
                "value": "5432"
              },
              {
                "name": "mobius.rds.provider",
                "type": "",
                "value": "POSTGRESQL"
              },
              {
                "name": "storageClassName",
                "type": "",
                "value": "microk8s-hostpath"
              }
            ],
            "set_sensitive": [],
            "skip_crds": false,
            "status": "failed",
            "timeout": 300,
            "values": null,
            "verify": false,
            "version": "12.0.0",
            "wait": true,
            "wait_for_jobs": false
          },
          "sensitive_attributes": [],
          "private": "eyJzY2hlbWFfdmVyc2lvbiI6IjEifQ=="
        }
      ]
    }
  ],
  "check_results": null
}
