{
  "version": 4,
  "terraform_version": "1.4.4",
  "serial": 117,
  "lineage": "5d401b6a-5898-44af-32ab-cd1bec084bd9",
  "outputs": {},
  "resources": [
    {
      "mode": "managed",
      "type": "helm_release",
      "name": "mobius12",
      "provider": "provider[\"registry.terraform.io/hashicorp/helm\"]",
      "instances": [
        {
          "schema_version": 1,
          "attributes": {
            "atomic": false,
            "chart": "./helm/mobius-12.0.0",
            "cleanup_on_fail": false,
            "create_namespace": true,
            "dependency_update": false,
            "description": null,
            "devel": null,
            "disable_crd_hooks": false,
            "disable_openapi_validation": false,
            "disable_webhooks": false,
            "force_update": false,
            "id": "mobius12",
            "keyring": null,
            "lint": false,
            "manifest": null,
            "max_history": 0,
            "metadata": [
              {
                "app_version": "12",
                "chart": "mobius",
                "name": "mobius12",
                "namespace": "mobius-prod",
                "revision": 1,
                "values": "{\"image\":{\"repository\":\"localhost:5000/mobius-server\",\"tag\":\"12.1.0004\"},\"mobius\":{\"admin\":{\"group\":\"mobiusadmin\",\"user\":\"admin\"},\"clustering\":{\"kubernetes\":{\"namespace\":\"mobius-prod\"}},\"fts\":{\"host\":\"elasticsearch-master.shared\"},\"mobiusDiagnostics\":{\"persistentVolume\":{\"claimName\":\"pvc-mobius12-diagnose\",\"size\":\"1Gi\",\"volumeName\":\"pv-mobius12-diagnose\"}},\"persistentVolume\":{\"claimName\":\"pvc-mobius12-efs\",\"size\":\"1Gi\",\"volumeName\":\"pv-mobius12-efs\"},\"rds\":{\"protocol\":5432,\"provider\":\"POSTGRESQL\"}},\"storageClassName\":\"microk8s-hostpath\"}",
                "version": "12.0.0"
              }
            ],
            "name": "mobius12",
            "namespace": "mobius-prod",
            "pass_credentials": false,
            "postrender": [],
            "recreate_pods": false,
            "render_subchart_notes": true,
            "replace": false,
            "repository": null,
            "repository_ca_file": null,
            "repository_cert_file": null,
            "repository_key_file": null,
            "repository_password": null,
            "repository_username": null,
            "reset_values": false,
            "reuse_values": false,
            "set": [
              {
                "name": "image.repository",
                "type": "",
                "value": "localhost:5000/mobius-server"
              },
              {
                "name": "image.tag",
                "type": "",
                "value": "12.1.0004"
              },
              {
                "name": "mobius.admin.group",
                "type": "",
                "value": "mobiusadmin"
              },
              {
                "name": "mobius.admin.user",
                "type": "",
                "value": "admin"
              },
              {
                "name": "mobius.clustering.kubernetes.namespace",
                "type": "",
                "value": "mobius-prod"
              },
              {
                "name": "mobius.fts.host",
                "type": "",
                "value": "elasticsearch-master.shared"
              },
              {
                "name": "mobius.mobiusDiagnostics.persistentVolume.claimName",
                "type": "",
                "value": "pvc-mobius12-diagnose"
              },
              {
                "name": "mobius.mobiusDiagnostics.persistentVolume.size",
                "type": "",
                "value": "1Gi"
              },
              {
                "name": "mobius.mobiusDiagnostics.persistentVolume.volumeName",
                "type": "",
                "value": "pv-mobius12-diagnose"
              },
              {
                "name": "mobius.persistentVolume.claimName",
                "type": "",
                "value": "pvc-mobius12-efs"
              },
              {
                "name": "mobius.persistentVolume.size",
                "type": "",
                "value": "1Gi"
              },
              {
                "name": "mobius.persistentVolume.volumeName",
                "type": "",
                "value": "pv-mobius12-efs"
              },
              {
                "name": "mobius.rds.protocol",
                "type": "",
                "value": "5432"
              },
              {
                "name": "mobius.rds.provider",
                "type": "",
                "value": "POSTGRESQL"
              },
              {
                "name": "storageClassName",
                "type": "",
                "value": "microk8s-hostpath"
              }
            ],
            "set_sensitive": [],
            "skip_crds": false,
            "status": "deployed",
            "timeout": 300,
            "values": null,
            "verify": false,
            "version": "12.0.0",
            "wait": true,
            "wait_for_jobs": false
          },
          "sensitive_attributes": [],
          "private": "eyJzY2hlbWFfdmVyc2lvbiI6IjEifQ==",
          "dependencies": [
            "kubernetes_secret.mobius12"
          ]
        }
      ]
    },
    {
      "mode": "managed",
      "type": "helm_release",
      "name": "mobiusview12",
      "provider": "provider[\"registry.terraform.io/hashicorp/helm\"]",
      "instances": [
        {
          "schema_version": 1,
          "attributes": {
            "atomic": false,
            "chart": "./helm/mobiusview-12.0.0",
            "cleanup_on_fail": false,
            "create_namespace": true,
            "dependency_update": false,
            "description": null,
            "devel": null,
            "disable_crd_hooks": false,
            "disable_openapi_validation": false,
            "disable_webhooks": false,
            "force_update": false,
            "id": "mobiusview12",
            "keyring": null,
            "lint": false,
            "manifest": null,
            "max_history": 0,
            "metadata": [
              {
                "app_version": "12.0.0005",
                "chart": "mobiusview",
                "name": "mobiusview12",
                "namespace": "mobius-prod",
                "revision": 1,
                "values": "{\"image\":{\"repository\":\"localhost:5000/mobius-view\",\"tag\":\"12.1.1\"},\"ingress\":{\"annotations\":{\"nginx.ingress.kubernetes.io/affinity\":\"cookie\",\"nginx.ingress.kubernetes.io/affinity-mode\":\"persistent\",\"nginx.ingress.kubernetes.io/proxy-body-size\":\"32m\",\"nginx.ingress.kubernetes.io/proxy-buffer-size\":\"8k\",\"nginx.ingress.kubernetes.io/rewrite-target\":\"/mobius$1\",\"nginx.ingress.kubernetes.io/session-cookie-change-on-failure\":\"false\",\"nginx.ingress.kubernetes.io/session-cookie-expires\":\"172800\",\"nginx.ingress.kubernetes.io/session-cookie-hash\":\"sha1\",\"nginx.ingress.kubernetes.io/session-cookie-max-age\":\"172800\",\"nginx.ingress.kubernetes.io/session-cookie-name\":\"session-cookie\",\"nginx.ingress.kubernetes.io/session-cookie-path\":\"/mobius\",\"nginx.ingress.kubernetes.io/ssl-redirect\":\"false\"},\"className\":\"nginx\",\"enabled\":true,\"hosts\":[{\"host\":\"mobius12.local.net\",\"paths\":[{\"path\":\"/mobius(.*)$\",\"pathType\":\"ImplementationSpecific\"}]}]},\"initRepository\":{\"host\":\"mobius12\",\"port\":8080},\"master\":{\"mobiusViewDiagnostics\":{\"persistentVolume\":{\"accessMode\":\"ReadWriteOnce\",\"claimName\":\"pvc-mobiusview12-diagnostics\",\"size\":\"1Gi\"}},\"persistence\":{\"accessMode\":\"ReadWriteOnce\",\"claimName\":\"pvc-mobiusview12-storage\",\"size\":\"1Gi\"},\"presentations\":{\"persistentVolume\":{\"accessMode\":\"ReadWriteOnce\",\"claimName\":\"pvc-mobiusview12-presentation\",\"size\":\"1Gi\"}}}}",
                "version": "12.0.0"
              }
            ],
            "name": "mobiusview12",
            "namespace": "mobius-prod",
            "pass_credentials": false,
            "postrender": [],
            "recreate_pods": false,
            "render_subchart_notes": true,
            "replace": false,
            "repository": null,
            "repository_ca_file": null,
            "repository_cert_file": null,
            "repository_key_file": null,
            "repository_password": null,
            "repository_username": null,
            "reset_values": false,
            "reuse_values": false,
            "set": [
              {
                "name": "image.repository",
                "type": "",
                "value": "localhost:5000/mobius-view"
              },
              {
                "name": "image.tag",
                "type": "",
                "value": "12.1.1"
              },
              {
                "name": "initRepository.host",
                "type": "",
                "value": "mobius12"
              },
              {
                "name": "initRepository.port",
                "type": "",
                "value": "8080"
              },
              {
                "name": "master.mobiusViewDiagnostics.persistentVolume.accessMode",
                "type": "",
                "value": "ReadWriteOnce"
              },
              {
                "name": "master.mobiusViewDiagnostics.persistentVolume.claimName",
                "type": "",
                "value": "pvc-mobiusview12-diagnostics"
              },
              {
                "name": "master.mobiusViewDiagnostics.persistentVolume.size",
                "type": "",
                "value": "1Gi"
              },
              {
                "name": "master.persistence.accessMode",
                "type": "",
                "value": "ReadWriteOnce"
              },
              {
                "name": "master.persistence.claimName",
                "type": "",
                "value": "pvc-mobiusview12-storage"
              },
              {
                "name": "master.persistence.size",
                "type": "",
                "value": "1Gi"
              },
              {
                "name": "master.presentations.persistentVolume.accessMode",
                "type": "",
                "value": "ReadWriteOnce"
              },
              {
                "name": "master.presentations.persistentVolume.claimName",
                "type": "",
                "value": "pvc-mobiusview12-presentation"
              },
              {
                "name": "master.presentations.persistentVolume.size",
                "type": "",
                "value": "1Gi"
              }
            ],
            "set_sensitive": [],
            "skip_crds": false,
            "status": "deployed",
            "timeout": 300,
            "values": [
              "{\"ingress\":{\"annotations\":{\"nginx.ingress.kubernetes.io/affinity\":\"cookie\",\"nginx.ingress.kubernetes.io/affinity-mode\":\"persistent\",\"nginx.ingress.kubernetes.io/proxy-body-size\":\"32m\",\"nginx.ingress.kubernetes.io/proxy-buffer-size\":\"8k\",\"nginx.ingress.kubernetes.io/rewrite-target\":\"/mobius$1\",\"nginx.ingress.kubernetes.io/session-cookie-change-on-failure\":\"false\",\"nginx.ingress.kubernetes.io/session-cookie-expires\":\"172800\",\"nginx.ingress.kubernetes.io/session-cookie-hash\":\"sha1\",\"nginx.ingress.kubernetes.io/session-cookie-max-age\":\"172800\",\"nginx.ingress.kubernetes.io/session-cookie-name\":\"session-cookie\",\"nginx.ingress.kubernetes.io/session-cookie-path\":\"/mobius\",\"nginx.ingress.kubernetes.io/ssl-redirect\":\"false\"},\"className\":\"nginx\",\"enabled\":true,\"hosts\":[{\"host\":\"mobius12.local.net\",\"paths\":[{\"path\":\"/mobius(.*)$\",\"pathType\":\"ImplementationSpecific\"}]}]}}"
            ],
            "verify": false,
            "version": "12.0.0",
            "wait": true,
            "wait_for_jobs": false
          },
          "sensitive_attributes": [],
          "private": "eyJzY2hlbWFfdmVyc2lvbiI6IjEifQ==",
          "dependencies": [
            "kubernetes_secret.mobiusview-server-secrets",
            "kubernetes_secret.mobiusview_license"
          ]
        }
      ]
    },
    {
      "mode": "managed",
      "type": "kubernetes_persistent_volume_claim",
      "name": "mobius12-diag",
      "provider": "provider[\"registry.terraform.io/hashicorp/kubernetes\"]",
      "instances": [
        {
          "schema_version": 0,
          "attributes": {
            "id": "mobius-prod/pvc-mobius12-diagnose",
            "metadata": [
              {
                "annotations": null,
                "generate_name": "",
                "generation": 0,
                "labels": null,
                "name": "pvc-mobius12-diagnose",
                "namespace": "mobius-prod",
                "resource_version": "1300",
                "uid": "d9ee1811-5c4c-4ca5-a851-fa0a77592ad5"
              }
            ],
            "spec": [
              {
                "access_modes": [
                  "ReadWriteOnce"
                ],
                "resources": [
                  {
                    "limits": null,
                    "requests": {
                      "storage": "1Gi"
                    }
                  }
                ],
                "selector": [],
                "storage_class_name": "local-path",
                "volume_name": "pvc-d9ee1811-5c4c-4ca5-a851-fa0a77592ad5"
              }
            ],
            "timeouts": null,
            "wait_until_bound": true
          },
          "sensitive_attributes": [],
          "private": "eyJlMmJmYjczMC1lY2FhLTExZTYtOGY4OC0zNDM2M2JjN2M0YzAiOnsiY3JlYXRlIjozMDAwMDAwMDAwMDB9fQ=="
        }
      ]
    },
    {
      "mode": "managed",
      "type": "kubernetes_persistent_volume_claim",
      "name": "mobius12-efs",
      "provider": "provider[\"registry.terraform.io/hashicorp/kubernetes\"]",
      "instances": [
        {
          "schema_version": 0,
          "attributes": {
            "id": "mobius-prod/pvc-mobius12-efs",
            "metadata": [
              {
                "annotations": null,
                "generate_name": "",
                "generation": 0,
                "labels": null,
                "name": "pvc-mobius12-efs",
                "namespace": "mobius-prod",
                "resource_version": "1304",
                "uid": "ef289efb-b29e-4328-8477-380527e5c67d"
              }
            ],
            "spec": [
              {
                "access_modes": [
                  "ReadWriteOnce"
                ],
                "resources": [
                  {
                    "limits": null,
                    "requests": {
                      "storage": "1Gi"
                    }
                  }
                ],
                "selector": [],
                "storage_class_name": "local-path",
                "volume_name": "pvc-ef289efb-b29e-4328-8477-380527e5c67d"
              }
            ],
            "timeouts": null,
            "wait_until_bound": true
          },
          "sensitive_attributes": [],
          "private": "eyJlMmJmYjczMC1lY2FhLTExZTYtOGY4OC0zNDM2M2JjN2M0YzAiOnsiY3JlYXRlIjozMDAwMDAwMDAwMDB9fQ=="
        }
      ]
    },
    {
      "mode": "managed",
      "type": "kubernetes_secret",
      "name": "mobius12",
      "provider": "provider[\"registry.terraform.io/hashicorp/kubernetes\"]",
      "instances": [
        {
          "schema_version": 0,
          "attributes": {
            "binary_data": null,
            "data": {
              "endpoint": "postgres-postgresql.shared",
              "password": "postgres",
              "port": "5432",
              "schema": "mobiusserver12",
              "topicPassword": "postgres",
              "topicUrl": "jdbc:postgresql://postgres-postgresql.shared:5432/eventanalytics",
              "topicUser": "eventanalytics",
              "user": "mobiusserver12"
            },
            "id": "mobius-prod/mobius-server-secrets",
            "immutable": false,
            "metadata": [
              {
                "annotations": null,
                "generate_name": "",
                "generation": 0,
                "labels": null,
                "name": "mobius-server-secrets",
                "namespace": "mobius-prod",
                "resource_version": "1173",
                "uid": "c4b20b5e-221a-456e-995c-467f597757bf"
              }
            ],
            "timeouts": null,
            "type": "Opaque",
            "wait_for_service_account_token": true
          },
          "sensitive_attributes": [],
          "private": "eyJlMmJmYjczMC1lY2FhLTExZTYtOGY4OC0zNDM2M2JjN2M0YzAiOnsiY3JlYXRlIjo2MDAwMDAwMDAwMH19"
        }
      ]
    },
    {
      "mode": "managed",
      "type": "kubernetes_secret",
      "name": "mobiusview-server-secrets",
      "provider": "provider[\"registry.terraform.io/hashicorp/kubernetes\"]",
      "instances": [
        {
          "schema_version": 0,
          "attributes": {
            "binary_data": null,
            "data": {
              "password": "postgres",
              "url": "jdbc:postgresql://postgres-postgresql.shared:5432/mobiusview12",
              "username": "mobiusview12"
            },
            "id": "mobius-prod/mobiusview-server-secrets",
            "immutable": false,
            "metadata": [
              {
                "annotations": null,
                "generate_name": "",
                "generation": 0,
                "labels": null,
                "name": "mobiusview-server-secrets",
                "namespace": "mobius-prod",
                "resource_version": "1170",
                "uid": "24619ffd-b924-4495-a66c-04fbec3b83ef"
              }
            ],
            "timeouts": null,
            "type": "Opaque",
            "wait_for_service_account_token": true
          },
          "sensitive_attributes": [],
          "private": "eyJlMmJmYjczMC1lY2FhLTExZTYtOGY4OC0zNDM2M2JjN2M0YzAiOnsiY3JlYXRlIjo2MDAwMDAwMDAwMH19"
        }
      ]
    },
    {
      "mode": "managed",
      "type": "kubernetes_secret",
      "name": "mobiusview_license",
      "provider": "provider[\"registry.terraform.io/hashicorp/kubernetes\"]",
      "instances": [
        {
          "schema_version": 0,
          "attributes": {
            "binary_data": null,
            "data": {
              "license": "01MOBIUS52464A464C4BC95859518381908FAEA4434F46515E53539681955B454D6240534556564351471D454D12405303565672514759454D1640530556560B51470E454D6040537C56560D514715454D1040536556560351470A454D0540531356560951472A454D2A40531556561D5642BB544F4A095454A4A7A744454B0C4A4FB2A2A0365456594348D9B486"
            },
            "id": "mobius-prod/mobius-license",
            "immutable": false,
            "metadata": [
              {
                "annotations": null,
                "generate_name": "",
                "generation": 0,
                "labels": null,
                "name": "mobius-license",
                "namespace": "mobius-prod",
                "resource_version": "1172",
                "uid": "97489720-63c1-468e-a488-592e5d3b6399"
              }
            ],
            "timeouts": null,
            "type": "Opaque",
            "wait_for_service_account_token": true
          },
          "sensitive_attributes": [],
          "private": "eyJlMmJmYjczMC1lY2FhLTExZTYtOGY4OC0zNDM2M2JjN2M0YzAiOnsiY3JlYXRlIjo2MDAwMDAwMDAwMH19"
        }
      ]
    }
  ],
  "check_results": null
}
