{
  "version": 4,
  "terraform_version": "1.4.5",
  "serial": 245,
  "lineage": "5d401b6a-5898-44af-32ab-cd1bec084bd9",
  "outputs": {},
  "resources": [
    {
      "mode": "managed",
      "type": "helm_release",
      "name": "mobius12",
      "provider": "provider[\"registry.terraform.io/hashicorp/helm\"]",
      "instances": [
        {
          "schema_version": 1,
          "attributes": {
            "atomic": false,
            "chart": "./helm/mobius-12.0.0",
            "cleanup_on_fail": false,
            "create_namespace": true,
            "dependency_update": false,
            "description": null,
            "devel": null,
            "disable_crd_hooks": false,
            "disable_openapi_validation": false,
            "disable_webhooks": false,
            "force_update": false,
            "id": "mobius12",
            "keyring": null,
            "lint": false,
            "manifest": null,
            "max_history": 0,
            "metadata": [
              {
                "app_version": "12",
                "chart": "mobius",
                "name": "mobius12",
                "namespace": "mobius-prod",
                "revision": 1,
                "values": "{\"image\":{\"repository\":\"localhost:5000/mobius-server\",\"tag\":\"12.1.0004\"},\"mobius\":{\"admin\":{\"group\":\"mobiusadmin\",\"user\":\"admin\"},\"clustering\":{\"kubernetes\":{\"namespace\":\"mobius-prod\"}},\"fts\":{\"host\":\"elasticsearch-master.shared\"},\"mobiusDiagnostics\":{\"persistentVolume\":{\"claimName\":\"pvc-mobius12-diagnose\",\"size\":\"1Gi\",\"volumeName\":\"pv-mobius12-diagnose\"}},\"persistentVolume\":{\"claimName\":\"pvc-mobius12-efs\",\"size\":\"1Gi\",\"volumeName\":\"pv-mobius12-efs\"},\"rds\":{\"protocol\":5432,\"provider\":\"POSTGRESQL\"}},\"storageClassName\":\"microk8s-hostpath\"}",
                "version": "12.0.0"
              }
            ],
            "name": "mobius12",
            "namespace": "mobius-prod",
            "pass_credentials": false,
            "postrender": [],
            "recreate_pods": false,
            "render_subchart_notes": true,
            "replace": false,
            "repository": null,
            "repository_ca_file": null,
            "repository_cert_file": null,
            "repository_key_file": null,
            "repository_password": null,
            "repository_username": null,
            "reset_values": false,
            "reuse_values": false,
            "set": [
              {
                "name": "image.repository",
                "type": "",
                "value": "localhost:5000/mobius-server"
              },
              {
                "name": "image.tag",
                "type": "",
                "value": "12.1.0004"
              },
              {
                "name": "mobius.admin.group",
                "type": "",
                "value": "mobiusadmin"
              },
              {
                "name": "mobius.admin.user",
                "type": "",
                "value": "admin"
              },
              {
                "name": "mobius.clustering.kubernetes.namespace",
                "type": "",
                "value": "mobius-prod"
              },
              {
                "name": "mobius.fts.host",
                "type": "",
                "value": "elasticsearch-master.shared"
              },
              {
                "name": "mobius.mobiusDiagnostics.persistentVolume.claimName",
                "type": "",
                "value": "pvc-mobius12-diagnose"
              },
              {
                "name": "mobius.mobiusDiagnostics.persistentVolume.size",
                "type": "",
                "value": "1Gi"
              },
              {
                "name": "mobius.mobiusDiagnostics.persistentVolume.volumeName",
                "type": "",
                "value": "pv-mobius12-diagnose"
              },
              {
                "name": "mobius.persistentVolume.claimName",
                "type": "",
                "value": "pvc-mobius12-efs"
              },
              {
                "name": "mobius.persistentVolume.size",
                "type": "",
                "value": "1Gi"
              },
              {
                "name": "mobius.persistentVolume.volumeName",
                "type": "",
                "value": "pv-mobius12-efs"
              },
              {
                "name": "mobius.rds.protocol",
                "type": "",
                "value": "5432"
              },
              {
                "name": "mobius.rds.provider",
                "type": "",
                "value": "POSTGRESQL"
              },
              {
                "name": "storageClassName",
                "type": "",
                "value": "microk8s-hostpath"
              }
            ],
            "set_sensitive": [],
            "skip_crds": false,
            "status": "deployed",
            "timeout": 300,
            "values": null,
            "verify": false,
            "version": "12.0.0",
            "wait": true,
            "wait_for_jobs": false
          },
          "sensitive_attributes": [],
          "private": "eyJzY2hlbWFfdmVyc2lvbiI6IjEifQ==",
          "dependencies": [
            "kubernetes_secret.mobius12"
          ]
        }
      ]
    },
    {
      "mode": "managed",
      "type": "helm_release",
      "name": "mobiusview12",
      "provider": "provider[\"registry.terraform.io/hashicorp/helm\"]",
      "instances": [
        {
          "schema_version": 1,
          "attributes": {
            "atomic": false,
            "chart": "./helm/mobiusview-12.0.0",
            "cleanup_on_fail": false,
            "create_namespace": true,
            "dependency_update": false,
            "description": null,
            "devel": null,
            "disable_crd_hooks": false,
            "disable_openapi_validation": false,
            "disable_webhooks": false,
            "force_update": false,
            "id": "mobiusview12",
            "keyring": null,
            "lint": false,
            "manifest": null,
            "max_history": 0,
            "metadata": [
              {
                "app_version": "12.0.0005",
                "chart": "mobiusview",
                "name": "mobiusview12",
                "namespace": "mobius-prod",
                "revision": 1,
                "values": "{\"image\":{\"repository\":\"localhost:5000/mobius-view\",\"tag\":\"12.1.1\"},\"ingress\":{\"annotations\":{\"nginx.ingress.kubernetes.io/affinity\":\"cookie\",\"nginx.ingress.kubernetes.io/affinity-mode\":\"persistent\",\"nginx.ingress.kubernetes.io/proxy-body-size\":\"32m\",\"nginx.ingress.kubernetes.io/proxy-buffer-size\":\"8k\",\"nginx.ingress.kubernetes.io/rewrite-target\":\"/mobius$1\",\"nginx.ingress.kubernetes.io/session-cookie-change-on-failure\":\"false\",\"nginx.ingress.kubernetes.io/session-cookie-expires\":\"172800\",\"nginx.ingress.kubernetes.io/session-cookie-hash\":\"sha1\",\"nginx.ingress.kubernetes.io/session-cookie-max-age\":\"172800\",\"nginx.ingress.kubernetes.io/session-cookie-name\":\"session-cookie\",\"nginx.ingress.kubernetes.io/session-cookie-path\":\"/mobius\",\"nginx.ingress.kubernetes.io/ssl-redirect\":\"false\"},\"className\":\"nginx\",\"enabled\":true,\"hosts\":[{\"host\":\"mobius12.local.net\",\"paths\":[{\"path\":\"/mobius(.*)$\",\"pathType\":\"ImplementationSpecific\"}]}]},\"initRepository\":{\"host\":\"mobius12\",\"port\":8080},\"master\":{\"mobiusViewDiagnostics\":{\"persistentVolume\":{\"accessMode\":\"ReadWriteOnce\",\"claimName\":\"pvc-mobiusview12-diagnostics\",\"size\":\"1Gi\"}},\"persistence\":{\"accessMode\":\"ReadWriteOnce\",\"claimName\":\"pvc-mobiusview12-storage\",\"size\":\"1Gi\"},\"presentations\":{\"persistentVolume\":{\"accessMode\":\"ReadWriteOnce\",\"claimName\":\"pvc-mobiusview12-presentation\",\"size\":\"1Gi\"}}},\"service\":{\"port\":8080}}",
                "version": "12.0.0"
              }
            ],
            "name": "mobiusview12",
            "namespace": "mobius-prod",
            "pass_credentials": false,
            "postrender": [],
            "recreate_pods": false,
            "render_subchart_notes": true,
            "replace": false,
            "repository": null,
            "repository_ca_file": null,
            "repository_cert_file": null,
            "repository_key_file": null,
            "repository_password": null,
            "repository_username": null,
            "reset_values": false,
            "reuse_values": false,
            "set": [
              {
                "name": "image.repository",
                "type": "",
                "value": "localhost:5000/mobius-view"
              },
              {
                "name": "image.tag",
                "type": "",
                "value": "12.1.1"
              },
              {
                "name": "initRepository.host",
                "type": "",
                "value": "mobius12"
              },
              {
                "name": "initRepository.port",
                "type": "",
                "value": "8080"
              },
              {
                "name": "master.mobiusViewDiagnostics.persistentVolume.accessMode",
                "type": "",
                "value": "ReadWriteOnce"
              },
              {
                "name": "master.mobiusViewDiagnostics.persistentVolume.claimName",
                "type": "",
                "value": "pvc-mobiusview12-diagnostics"
              },
              {
                "name": "master.mobiusViewDiagnostics.persistentVolume.size",
                "type": "",
                "value": "1Gi"
              },
              {
                "name": "master.persistence.accessMode",
                "type": "",
                "value": "ReadWriteOnce"
              },
              {
                "name": "master.persistence.claimName",
                "type": "",
                "value": "pvc-mobiusview12-storage"
              },
              {
                "name": "master.persistence.size",
                "type": "",
                "value": "1Gi"
              },
              {
                "name": "master.presentations.persistentVolume.accessMode",
                "type": "",
                "value": "ReadWriteOnce"
              },
              {
                "name": "master.presentations.persistentVolume.claimName",
                "type": "",
                "value": "pvc-mobiusview12-presentation"
              },
              {
                "name": "master.presentations.persistentVolume.size",
                "type": "",
                "value": "1Gi"
              },
              {
                "name": "service.port",
                "type": "",
                "value": "8080"
              }
            ],
            "set_sensitive": [],
            "skip_crds": false,
            "status": "deployed",
            "timeout": 300,
            "values": [
              "{\"ingress\":{\"annotations\":{\"nginx.ingress.kubernetes.io/affinity\":\"cookie\",\"nginx.ingress.kubernetes.io/affinity-mode\":\"persistent\",\"nginx.ingress.kubernetes.io/proxy-body-size\":\"32m\",\"nginx.ingress.kubernetes.io/proxy-buffer-size\":\"8k\",\"nginx.ingress.kubernetes.io/rewrite-target\":\"/mobius$1\",\"nginx.ingress.kubernetes.io/session-cookie-change-on-failure\":\"false\",\"nginx.ingress.kubernetes.io/session-cookie-expires\":\"172800\",\"nginx.ingress.kubernetes.io/session-cookie-hash\":\"sha1\",\"nginx.ingress.kubernetes.io/session-cookie-max-age\":\"172800\",\"nginx.ingress.kubernetes.io/session-cookie-name\":\"session-cookie\",\"nginx.ingress.kubernetes.io/session-cookie-path\":\"/mobius\",\"nginx.ingress.kubernetes.io/ssl-redirect\":\"false\"},\"className\":\"nginx\",\"enabled\":true,\"hosts\":[{\"host\":\"mobius12.local.net\",\"paths\":[{\"path\":\"/mobius(.*)$\",\"pathType\":\"ImplementationSpecific\"}]}]}}"
            ],
            "verify": false,
            "version": "12.0.0",
            "wait": true,
            "wait_for_jobs": false
          },
          "sensitive_attributes": [],
          "private": "eyJzY2hlbWFfdmVyc2lvbiI6IjEifQ==",
          "dependencies": [
            "kubernetes_secret.mobius-tls-secret",
            "kubernetes_secret.mobiusview-server-secrets",
            "kubernetes_secret.mobiusview_license"
          ]
        }
      ]
    },
    {
      "mode": "managed",
      "type": "kubernetes_namespace",
      "name": "mobius",
      "provider": "provider[\"registry.terraform.io/hashicorp/kubernetes\"]",
      "instances": [
        {
          "schema_version": 0,
          "attributes": {
            "id": "mobius-prod",
            "metadata": [
              {
                "annotations": {
                  "name": "mobius-prod"
                },
                "generate_name": "",
                "generation": 0,
                "labels": {
                  "mylabel": "mobius"
                },
                "name": "mobius-prod",
                "resource_version": "3041",
                "uid": "6956d526-e951-4e59-8187-5f83c873cd84"
              }
            ],
            "timeouts": null
          },
          "sensitive_attributes": [],
          "private": "eyJlMmJmYjczMC1lY2FhLTExZTYtOGY4OC0zNDM2M2JjN2M0YzAiOnsiZGVsZXRlIjozMDAwMDAwMDAwMDB9fQ=="
        }
      ]
    },
    {
      "mode": "managed",
      "type": "kubernetes_persistent_volume_claim",
      "name": "mobius12-diag",
      "provider": "provider[\"registry.terraform.io/hashicorp/kubernetes\"]",
      "instances": [
        {
          "schema_version": 0,
          "attributes": {
            "id": "mobius-prod/pvc-mobius12-diagnose",
            "metadata": [
              {
                "annotations": null,
                "generate_name": "",
                "generation": 0,
                "labels": null,
                "name": "pvc-mobius12-diagnose",
                "namespace": "mobius-prod",
                "resource_version": "3198",
                "uid": "344791df-69d9-4be0-b67d-3625bcf870da"
              }
            ],
            "spec": [
              {
                "access_modes": [
                  "ReadWriteOnce"
                ],
                "resources": [
                  {
                    "limits": null,
                    "requests": {
                      "storage": "1Gi"
                    }
                  }
                ],
                "selector": [],
                "storage_class_name": "local-path",
                "volume_name": "pvc-344791df-69d9-4be0-b67d-3625bcf870da"
              }
            ],
            "timeouts": null,
            "wait_until_bound": true
          },
          "sensitive_attributes": [],
          "private": "eyJlMmJmYjczMC1lY2FhLTExZTYtOGY4OC0zNDM2M2JjN2M0YzAiOnsiY3JlYXRlIjozMDAwMDAwMDAwMDB9fQ=="
        }
      ]
    },
    {
      "mode": "managed",
      "type": "kubernetes_persistent_volume_claim",
      "name": "mobius12-efs",
      "provider": "provider[\"registry.terraform.io/hashicorp/kubernetes\"]",
      "instances": [
        {
          "schema_version": 0,
          "attributes": {
            "id": "mobius-prod/pvc-mobius12-efs",
            "metadata": [
              {
                "annotations": null,
                "generate_name": "",
                "generation": 0,
                "labels": null,
                "name": "pvc-mobius12-efs",
                "namespace": "mobius-prod",
                "resource_version": "3187",
                "uid": "623a19db-0eed-4bc2-a8c4-185c4d80c004"
              }
            ],
            "spec": [
              {
                "access_modes": [
                  "ReadWriteOnce"
                ],
                "resources": [
                  {
                    "limits": null,
                    "requests": {
                      "storage": "1Gi"
                    }
                  }
                ],
                "selector": [],
                "storage_class_name": "local-path",
                "volume_name": "pvc-623a19db-0eed-4bc2-a8c4-185c4d80c004"
              }
            ],
            "timeouts": null,
            "wait_until_bound": true
          },
          "sensitive_attributes": [],
          "private": "eyJlMmJmYjczMC1lY2FhLTExZTYtOGY4OC0zNDM2M2JjN2M0YzAiOnsiY3JlYXRlIjozMDAwMDAwMDAwMDB9fQ=="
        }
      ]
    },
    {
      "mode": "managed",
      "type": "kubernetes_persistent_volume_claim",
      "name": "mobiusview12-diag",
      "provider": "provider[\"registry.terraform.io/hashicorp/kubernetes\"]",
      "instances": [
        {
          "schema_version": 0,
          "attributes": {
            "id": "mobius-prod/pvc-mobiusview12-diagnostics",
            "metadata": [
              {
                "annotations": null,
                "generate_name": "",
                "generation": 0,
                "labels": null,
                "name": "pvc-mobiusview12-diagnostics",
                "namespace": "mobius-prod",
                "resource_version": "3154",
                "uid": "fb4ac9ce-bdc8-488b-bde6-9ec5f42d66b4"
              }
            ],
            "spec": [
              {
                "access_modes": [
                  "ReadWriteOnce"
                ],
                "resources": [
                  {
                    "limits": null,
                    "requests": {
                      "storage": "1Gi"
                    }
                  }
                ],
                "selector": [],
                "storage_class_name": "local-path",
                "volume_name": "pvc-fb4ac9ce-bdc8-488b-bde6-9ec5f42d66b4"
              }
            ],
            "timeouts": null,
            "wait_until_bound": true
          },
          "sensitive_attributes": [],
          "private": "eyJlMmJmYjczMC1lY2FhLTExZTYtOGY4OC0zNDM2M2JjN2M0YzAiOnsiY3JlYXRlIjozMDAwMDAwMDAwMDB9fQ=="
        }
      ]
    },
    {
      "mode": "managed",
      "type": "kubernetes_persistent_volume_claim",
      "name": "mobiusview12-pres",
      "provider": "provider[\"registry.terraform.io/hashicorp/kubernetes\"]",
      "instances": [
        {
          "schema_version": 0,
          "attributes": {
            "id": "mobius-prod/pvc-mobiusview12-presentation",
            "metadata": [
              {
                "annotations": null,
                "generate_name": "",
                "generation": 0,
                "labels": null,
                "name": "pvc-mobiusview12-presentation",
                "namespace": "mobius-prod",
                "resource_version": "3174",
                "uid": "34f40f50-c370-4df0-91a7-08b232ec11b7"
              }
            ],
            "spec": [
              {
                "access_modes": [
                  "ReadWriteOnce"
                ],
                "resources": [
                  {
                    "limits": null,
                    "requests": {
                      "storage": "1Gi"
                    }
                  }
                ],
                "selector": [],
                "storage_class_name": "local-path",
                "volume_name": "pvc-34f40f50-c370-4df0-91a7-08b232ec11b7"
              }
            ],
            "timeouts": null,
            "wait_until_bound": true
          },
          "sensitive_attributes": [],
          "private": "eyJlMmJmYjczMC1lY2FhLTExZTYtOGY4OC0zNDM2M2JjN2M0YzAiOnsiY3JlYXRlIjozMDAwMDAwMDAwMDB9fQ=="
        }
      ]
    },
    {
      "mode": "managed",
      "type": "kubernetes_persistent_volume_claim",
      "name": "mobiusview12-storage",
      "provider": "provider[\"registry.terraform.io/hashicorp/kubernetes\"]",
      "instances": [
        {
          "schema_version": 0,
          "attributes": {
            "id": "mobius-prod/pvc-mobiusview12-storage",
            "metadata": [
              {
                "annotations": null,
                "generate_name": "",
                "generation": 0,
                "labels": null,
                "name": "pvc-mobiusview12-storage",
                "namespace": "mobius-prod",
                "resource_version": "3178",
                "uid": "0e3656b8-b23e-412f-b92c-90953761c27e"
              }
            ],
            "spec": [
              {
                "access_modes": [
                  "ReadWriteOnce"
                ],
                "resources": [
                  {
                    "limits": null,
                    "requests": {
                      "storage": "1Gi"
                    }
                  }
                ],
                "selector": [],
                "storage_class_name": "local-path",
                "volume_name": "pvc-0e3656b8-b23e-412f-b92c-90953761c27e"
              }
            ],
            "timeouts": null,
            "wait_until_bound": true
          },
          "sensitive_attributes": [],
          "private": "eyJlMmJmYjczMC1lY2FhLTExZTYtOGY4OC0zNDM2M2JjN2M0YzAiOnsiY3JlYXRlIjozMDAwMDAwMDAwMDB9fQ=="
        }
      ]
    },
    {
      "mode": "managed",
      "type": "kubernetes_secret",
      "name": "mobius-tls-secret",
      "provider": "provider[\"registry.terraform.io/hashicorp/kubernetes\"]",
      "instances": [
        {
          "schema_version": 0,
          "attributes": {
            "binary_data": null,
            "data": {
              "tls.crt": "LS0tLS1CRUdJTiBDRVJUSUZJQ0FURS0tLS0tCk1JSURXekNDQWtPZ0F3SUJBZ0lVS0prODE3VUpSSC9OTXFmZ3ZXbEh0bXplV0hRd0RRWUpLb1pJaHZjTkFRRUwKQlFBd0hURWJNQmtHQTFVRUF3d1NiVzlpYVhWek1USXViRzlqWVd3dWJtVjBNQjRYRFRJek1EUXhNekV6TWpFegpObG9YRFRNek1EUXhNREV6TWpFek5sb3dIVEViTUJrR0ExVUVBd3dTYlc5aWFYVnpNVEl1Ykc5allXd3VibVYwCk1JSUJJakFOQmdrcWhraUc5dzBCQVFFRkFBT0NBUThBTUlJQkNnS0NBUUVBcllKdWc1YWllRmpML1hTTkZaUEcKRVlJa0JVV1c3eU52ejNQQ3NaYWVyVUFnVFR1blA4S1N5MWNmaGVxNnVnYWc0VStPcXB1Ry91R29zT05Cd3FmdQpzZkJKVW1YbzlHTXlRTmY5WmpZNE9jSkg3cGlCZjR0MVEybEZWUGhBV0JLNmp2azV5RUpocVoxV0hnUmI5a2JOCmtYekdoM3pCWnAxdmxhSmhsc0VRVDBtN3lXMlBYclcrd2tpSVk4UmZ6dkJyalF2NlM0bXJ0bHNqNGpxZE05SkkKMVo1aHhZNW5pWHdCam1Dc29jejFvRlVuK2FrbWdSTWZ4ZlpWQ1dBSlo1VTRWbTBKcGJueGVzZ0R1Qm15ZnRjKwpVb1FPbmlmQnVzYUZJdmoySENjSCtwcjF3akdOMTc1anMrTVhvNEtaUWlhcTRmSHlTS0hFT3c0R3g5dTJIRHhhCnRRSURBUUFCbzRHU01JR1BNQjBHQTFVZERnUVdCQlQxOVQ0VCtPQVErOExhUkgySHBFUEl2bFR4NmpBZkJnTlYKSFNNRUdEQVdnQlQxOVQ0VCtPQVErOExhUkgySHBFUEl2bFR4NmpBUEJnTlZIUk1CQWY4RUJUQURBUUgvTUIwRwpBMVVkRVFRV01CU0NFbTF2WW1sMWN6RXlMbXh2WTJGc0xtNWxkREFkQmdOVkhTVUVGakFVQmdnckJnRUZCUWNECkFRWUlLd1lCQlFVSEF3SXdEUVlKS29aSWh2Y05BUUVMQlFBRGdnRUJBRWV6blZIdVFSSGpYQTVHOHp0aXFLWXoKZEtha1VYMkg3TUdKbHN3aGNhanNDQVFrQVJYWVc4NzFiSGZSZlkrZ1VMVDRWRnNEaTRERFdxdU5RMGhJa3BXcwpxb3JadGUrUTN4cGVjUGRVWFFpVFBoZFdsSFY2Y1hNSnBGdjdBdHBTL3RSYTFPN09wc29MclNURmIwOHpYM1A5CjQ5SGVlM20yQUZCSk95T0RDbUZoVnllUktvZjc2WmpQOVpjc0J6MzNRNi8vMHp3WEF3cVVQV1VidnY3d2FXOTgKNUZpV01vYXlXbE56UlEzUW1IbFlmK3lYek1JWkY3NlIyZHdEYk41RGQ1aURYS01CNitVb0NNeWRzTS9XT2VxZQo1TDBYUEJ2czNvN3ZCenJqVWxvaFRUQU9icmhZMC9YQTBZeHhVL0VCdnBFdmJvZlBsREhsemprZG9uWFZkZEU9Ci0tLS0tRU5EIENFUlRJRklDQVRFLS0tLS0K",
              "tls.key": "LS0tLS1CRUdJTiBQUklWQVRFIEtFWS0tLS0tCk1JSUV2QUlCQURBTkJna3Foa2lHOXcwQkFRRUZBQVNDQktZd2dnU2lBZ0VBQW9JQkFRQ3RnbTZEbHFKNFdNdjkKZEkwVms4WVJnaVFGUlpidkkyL1BjOEt4bHA2dFFDQk5PNmMvd3BMTFZ4K0Y2cnE2QnFEaFQ0NnFtNGIrNGFpdwo0MEhDcCs2eDhFbFNaZWowWXpKQTEvMW1Oamc1d2tmdW1JRi9pM1ZEYVVWVStFQllFcnFPK1RuSVFtR3BuVlllCkJGdjJSczJSZk1hSGZNRm1uVytWb21HV3dSQlBTYnZKYlk5ZXRiN0NTSWhqeEYvTzhHdU5DL3BMaWF1Mld5UGkKT3AwejBralZubUhGam1lSmZBR09ZS3loelBXZ1ZTZjVxU2FCRXgvRjlsVUpZQWxubFRoV2JRbWx1ZkY2eUFPNApHYkorMXo1U2hBNmVKOEc2eG9VaStQWWNKd2Y2bXZYQ01ZM1h2bU96NHhlamdwbENKcXJoOGZKSW9jUTdEZ2JICjI3WWNQRnExQWdNQkFBRUNnZ0VBUjlSV1lmMXJWejBUZmVMUlFWeUN3OTdIZ0xNMWI5eVF2aVlqTkpleEt2SUEKTFZrRHZSNlUzTDg5bXBmNUkyZjVGQzEyVjJTNWR5eitRL1JnMWUvbG5oNW1qRWtLTHBvZVJML2w5SGwvdjFHUgpxOUhRMG5kdVhURG9kZXVyMzRvcFYyVVBxYnJwYVdsc0xGTUxxeUhXbW1NNFlRQ2hwQlNMRER4RUFELyt1NE9QCnNDbUlVZGg4SjFCZlRaN1NwYk9BL1BYb3ZnVkpEV0RNVk5PTUh3bWt3RVVGZ084R1BCN2J3TEJob1pOcVhFSksKWEtSMVdoVmVBT3NKb0NSWVo3TnppSXlOcmtXUElMTWgwVFJGeTdLRkIyeDFZWW1MTEV2VWJ2TzRDa0ZTbU0wMQpaSk9XNVg3RHc2THorYkRyTm45NnJiZk9OMXcyK1FXN09aNUo3c0xZWlFLQmdRRHhiQXdDOWl2MjBoTU1TeTl1CmY4RWhhT29DdCtzY1g2U3MxVTgvVktTc3l3RUwrZkM1VzZIVktKcWY4L0dkWldLREwrOU5tRFg2bXBxYkhDR2YKNkdNR0hVRk5tQnQ1OVVpMUozMFVPRWwrcm1wWk9yY0ViS2U0VVJGYU8wQzRUb25RbWxKNU4yczlreXV6TCsvVgp2TjV0cDdReDJ6RFZOdjdiekRBN09UMjZxd0tCZ1FDMy9KUC9JaXNvNlRGNEFFRmdwVWk0eFRYamY0Vms2MEtwCjFrSndtSnhidk94VlBUVVZoSDF1WGVjcWN2eXVmQzRjYnUyTHFmTUJ3NUN4YzZmWGFiUHh2VitseThpclE3QzEKRktLZytYaHlBNWcwbE93Q25LVHBpT3NMSjJzdFBYYXBlWC8wYmt6SEF4d2MyMUhnRm9kaGwwRDRTUWk5MDBlTApPNzRxdlVoQUh3S0JnRGd1VDZGRXpqaFM3TEhZc1VJQ290djJnVFordkV6UENSQmJWMlRDZXN2bk5lZ21rdGxmCnRJcFpONXB2ZDFPTWExOWlBVXRLVjQxbyt2K0xqVnVjQmFjL21abklBdVRmcXJyVlpLc1c2aXQ3eFMzY2x3aUYKaklZOC8wL0RLQzE3d1dCMCtTcFNOamVQRHdWVTYzZ095cWd6OWFBQWhSMm8vYWdDblZxNjJGMmZBb0dBTTJsUAp6YVkxbXp2MlI4c0NlY2dWMXhPOGFESzFDcXMydUpDWGhqRU8yQStsbG5nQkFsOUFVWHZKNGJHNTYrUGxXcXFnCmxEdE1IVDBSakpSOTNSSzdacHg5UXEzOEIrZGxWR1JNd1dDVWlIOTZvNDdObURrL1Y4YWJyMFUzaksrMUhjeEcKdGYyd1ZKZ0kzZ05uRUpBYkNta2lqWDZUQThBcktMdnIrck5qb2c4Q2dZQmdIVzQ3dnhaRGRJYm5ra0JDc3BRUwpiUzZvakJSMG8rYzRkd0ZQMEtvbXlMZi9Ra2x1RmoyWUVhbzFhdVoyM2Y5ZEVoZG43RkpHM0pOOE9pSHF4MDhoCkVBbENsV0VYdlo3TjdwNlFSUHJuWUU3NTNGUXRSejVSQWExV2hxOW5Mby9ZMDlpaGNpRGVJUUtkRlZrMTJON2UKV01lN2o3MlJsSEkwTE85d3Vyd09vQT09Ci0tLS0tRU5EIFBSSVZBVEUgS0VZLS0tLS0K"
            },
            "id": "mobius-prod/mobius-tls-secret",
            "immutable": false,
            "metadata": [
              {
                "annotations": null,
                "generate_name": "",
                "generation": 0,
                "labels": null,
                "name": "mobius-tls-secret",
                "namespace": "mobius-prod",
                "resource_version": "3057",
                "uid": "cb228241-4d56-4d68-aa5a-8d9b4977099f"
              }
            ],
            "timeouts": null,
            "type": "kubernetes.io/tls",
            "wait_for_service_account_token": true
          },
          "sensitive_attributes": [],
          "private": "eyJlMmJmYjczMC1lY2FhLTExZTYtOGY4OC0zNDM2M2JjN2M0YzAiOnsiY3JlYXRlIjo2MDAwMDAwMDAwMH19"
        }
      ]
    },
    {
      "mode": "managed",
      "type": "kubernetes_secret",
      "name": "mobius12",
      "provider": "provider[\"registry.terraform.io/hashicorp/kubernetes\"]",
      "instances": [
        {
          "schema_version": 0,
          "attributes": {
            "binary_data": null,
            "data": {
              "endpoint": "postgres-postgresql.shared",
              "password": "postgres",
              "port": "5432",
              "schema": "mobiusserver12",
              "topicPassword": "postgres",
              "topicUrl": "jdbc:postgresql://postgres-postgresql.shared:5432/eventanalytics",
              "topicUser": "eventanalytics",
              "user": "mobiusserver12"
            },
            "id": "mobius-prod/mobius-server-secrets",
            "immutable": false,
            "metadata": [
              {
                "annotations": null,
                "generate_name": "",
                "generation": 0,
                "labels": null,
                "name": "mobius-server-secrets",
                "namespace": "mobius-prod",
                "resource_version": "3046",
                "uid": "fb124c7e-7ed6-46f4-9290-9996c75f7080"
              }
            ],
            "timeouts": null,
            "type": "Opaque",
            "wait_for_service_account_token": true
          },
          "sensitive_attributes": [],
          "private": "eyJlMmJmYjczMC1lY2FhLTExZTYtOGY4OC0zNDM2M2JjN2M0YzAiOnsiY3JlYXRlIjo2MDAwMDAwMDAwMH19"
        }
      ]
    },
    {
      "mode": "managed",
      "type": "kubernetes_secret",
      "name": "mobiusview-server-secrets",
      "provider": "provider[\"registry.terraform.io/hashicorp/kubernetes\"]",
      "instances": [
        {
          "schema_version": 0,
          "attributes": {
            "binary_data": null,
            "data": {
              "password": "postgres",
              "url": "jdbc:postgresql://postgres-postgresql.shared:5432/mobiusview12",
              "username": "mobiusview12"
            },
            "id": "mobius-prod/mobiusview-server-secrets",
            "immutable": false,
            "metadata": [
              {
                "annotations": null,
                "generate_name": "",
                "generation": 0,
                "labels": null,
                "name": "mobiusview-server-secrets",
                "namespace": "mobius-prod",
                "resource_version": "3044",
                "uid": "e89515c5-b10f-40c3-85f2-9bd0c4674a4f"
              }
            ],
            "timeouts": null,
            "type": "Opaque",
            "wait_for_service_account_token": true
          },
          "sensitive_attributes": [],
          "private": "eyJlMmJmYjczMC1lY2FhLTExZTYtOGY4OC0zNDM2M2JjN2M0YzAiOnsiY3JlYXRlIjo2MDAwMDAwMDAwMH19"
        }
      ]
    },
    {
      "mode": "managed",
      "type": "kubernetes_secret",
      "name": "mobiusview_license",
      "provider": "provider[\"registry.terraform.io/hashicorp/kubernetes\"]",
      "instances": [
        {
          "schema_version": 0,
          "attributes": {
            "binary_data": null,
            "data": {
              "license": "01MOBIUS52464A464C4BC95859518381908FAEA4434F46515E53539681955B454D6240534556564351471D454D12405303565672514759454D1640530556560B51470E454D6040537C56560D514715454D1040536556560351470A454D0540531356560951472A454D2A40531556561D5642BB544F4A095454A4A7A744454B0C4A4FB2A2A0365456594348D9B486"
            },
            "id": "mobius-prod/mobius-license",
            "immutable": false,
            "metadata": [
              {
                "annotations": null,
                "generate_name": "",
                "generation": 0,
                "labels": null,
                "name": "mobius-license",
                "namespace": "mobius-prod",
                "resource_version": "3045",
                "uid": "2d6562df-7116-41e1-859c-a964f50599be"
              }
            ],
            "timeouts": null,
            "type": "Opaque",
            "wait_for_service_account_token": true
          },
          "sensitive_attributes": [],
          "private": "eyJlMmJmYjczMC1lY2FhLTExZTYtOGY4OC0zNDM2M2JjN2M0YzAiOnsiY3JlYXRlIjo2MDAwMDAwMDAwMH19"
        }
      ]
    }
  ],
  "check_results": null
}
