{
  "version": 4,
  "terraform_version": "1.4.4",
  "serial": 144,
  "lineage": "5d401b6a-5898-44af-32ab-cd1bec084bd9",
  "outputs": {},
  "resources": [
    {
      "mode": "managed",
      "type": "helm_release",
      "name": "mobius12",
      "provider": "provider[\"registry.terraform.io/hashicorp/helm\"]",
      "instances": [
        {
          "schema_version": 1,
          "attributes": {
            "atomic": false,
            "chart": "./helm/mobius-12.0.0",
            "cleanup_on_fail": false,
            "create_namespace": true,
            "dependency_update": false,
            "description": null,
            "devel": null,
            "disable_crd_hooks": false,
            "disable_openapi_validation": false,
            "disable_webhooks": false,
            "force_update": false,
            "id": "mobius12",
            "keyring": null,
            "lint": false,
            "manifest": null,
            "max_history": 0,
            "metadata": [
              {
                "app_version": "12",
                "chart": "mobius",
                "name": "mobius12",
                "namespace": "mobius-prod",
                "revision": 1,
                "values": "{\"image\":{\"repository\":\"localhost:5000/mobius-server\",\"tag\":\"12.1.0004\"},\"mobius\":{\"admin\":{\"group\":\"mobiusadmin\",\"user\":\"admin\"},\"clustering\":{\"kubernetes\":{\"namespace\":\"mobius-prod\"}},\"fts\":{\"host\":\"elasticsearch-master.shared\"},\"mobiusDiagnostics\":{\"persistentVolume\":{\"claimName\":\"pvc-mobius12-diagnose\",\"size\":\"1Gi\",\"volumeName\":\"pv-mobius12-diagnose\"}},\"persistentVolume\":{\"claimName\":\"pvc-mobius12-efs\",\"size\":\"1Gi\",\"volumeName\":\"pv-mobius12-efs\"},\"rds\":{\"protocol\":5432,\"provider\":\"POSTGRESQL\"}},\"storageClassName\":\"microk8s-hostpath\"}",
                "version": "12.0.0"
              }
            ],
            "name": "mobius12",
            "namespace": "mobius-prod",
            "pass_credentials": false,
            "postrender": [],
            "recreate_pods": false,
            "render_subchart_notes": true,
            "replace": false,
            "repository": null,
            "repository_ca_file": null,
            "repository_cert_file": null,
            "repository_key_file": null,
            "repository_password": null,
            "repository_username": null,
            "reset_values": false,
            "reuse_values": false,
            "set": [
              {
                "name": "image.repository",
                "type": "",
                "value": "localhost:5000/mobius-server"
              },
              {
                "name": "image.tag",
                "type": "",
                "value": "12.1.0004"
              },
              {
                "name": "mobius.admin.group",
                "type": "",
                "value": "mobiusadmin"
              },
              {
                "name": "mobius.admin.user",
                "type": "",
                "value": "admin"
              },
              {
                "name": "mobius.clustering.kubernetes.namespace",
                "type": "",
                "value": "mobius-prod"
              },
              {
                "name": "mobius.fts.host",
                "type": "",
                "value": "elasticsearch-master.shared"
              },
              {
                "name": "mobius.mobiusDiagnostics.persistentVolume.claimName",
                "type": "",
                "value": "pvc-mobius12-diagnose"
              },
              {
                "name": "mobius.mobiusDiagnostics.persistentVolume.size",
                "type": "",
                "value": "1Gi"
              },
              {
                "name": "mobius.mobiusDiagnostics.persistentVolume.volumeName",
                "type": "",
                "value": "pv-mobius12-diagnose"
              },
              {
                "name": "mobius.persistentVolume.claimName",
                "type": "",
                "value": "pvc-mobius12-efs"
              },
              {
                "name": "mobius.persistentVolume.size",
                "type": "",
                "value": "1Gi"
              },
              {
                "name": "mobius.persistentVolume.volumeName",
                "type": "",
                "value": "pv-mobius12-efs"
              },
              {
                "name": "mobius.rds.protocol",
                "type": "",
                "value": "5432"
              },
              {
                "name": "mobius.rds.provider",
                "type": "",
                "value": "POSTGRESQL"
              },
              {
                "name": "storageClassName",
                "type": "",
                "value": "microk8s-hostpath"
              }
            ],
            "set_sensitive": [],
            "skip_crds": false,
            "status": "deployed",
            "timeout": 300,
            "values": null,
            "verify": false,
            "version": "12.0.0",
            "wait": true,
            "wait_for_jobs": false
          },
          "sensitive_attributes": [],
          "private": "eyJzY2hlbWFfdmVyc2lvbiI6IjEifQ==",
          "dependencies": [
            "kubernetes_secret.mobius12"
          ]
        }
      ]
    },
    {
      "mode": "managed",
      "type": "helm_release",
      "name": "mobiusview12",
      "provider": "provider[\"registry.terraform.io/hashicorp/helm\"]",
      "instances": [
        {
          "schema_version": 1,
          "attributes": {
            "atomic": false,
            "chart": "./helm/mobiusview-12.0.0",
            "cleanup_on_fail": false,
            "create_namespace": true,
            "dependency_update": false,
            "description": null,
            "devel": null,
            "disable_crd_hooks": false,
            "disable_openapi_validation": false,
            "disable_webhooks": false,
            "force_update": false,
            "id": "mobiusview12",
            "keyring": null,
            "lint": false,
            "manifest": null,
            "max_history": 0,
            "metadata": [
              {
                "app_version": "12.0.0005",
                "chart": "mobiusview",
                "name": "mobiusview12",
                "namespace": "mobius-prod",
                "revision": 1,
                "values": "{\"image\":{\"repository\":\"localhost:5000/mobius-view\",\"tag\":\"12.1.1\"},\"ingress\":{\"annotations\":{\"nginx.ingress.kubernetes.io/affinity\":\"cookie\",\"nginx.ingress.kubernetes.io/affinity-mode\":\"persistent\",\"nginx.ingress.kubernetes.io/proxy-body-size\":\"32m\",\"nginx.ingress.kubernetes.io/proxy-buffer-size\":\"8k\",\"nginx.ingress.kubernetes.io/rewrite-target\":\"/mobius$1\",\"nginx.ingress.kubernetes.io/session-cookie-change-on-failure\":\"false\",\"nginx.ingress.kubernetes.io/session-cookie-expires\":\"172800\",\"nginx.ingress.kubernetes.io/session-cookie-hash\":\"sha1\",\"nginx.ingress.kubernetes.io/session-cookie-max-age\":\"172800\",\"nginx.ingress.kubernetes.io/session-cookie-name\":\"session-cookie\",\"nginx.ingress.kubernetes.io/session-cookie-path\":\"/mobius\",\"nginx.ingress.kubernetes.io/ssl-redirect\":\"false\"},\"className\":\"nginx\",\"enabled\":true,\"hosts\":[{\"host\":\"mobius12.local.net\",\"paths\":[{\"path\":\"/mobius(.*)$\",\"pathType\":\"ImplementationSpecific\"}]}],\"tls\":[{\"hosts\":[\"mobius12.local.net\"],\"secretName\":\"mobius-tls-secret\"}]},\"initRepository\":{\"host\":\"mobius12\",\"port\":8080},\"master\":{\"mobiusViewDiagnostics\":{\"persistentVolume\":{\"accessMode\":\"ReadWriteOnce\",\"claimName\":\"pvc-mobiusview12-diagnostics\",\"size\":\"1Gi\"}},\"persistence\":{\"accessMode\":\"ReadWriteOnce\",\"claimName\":\"pvc-mobiusview12-storage\",\"size\":\"1Gi\"},\"presentations\":{\"persistentVolume\":{\"accessMode\":\"ReadWriteOnce\",\"claimName\":\"pvc-mobiusview12-presentation\",\"size\":\"1Gi\"}}}}",
                "version": "12.0.0"
              }
            ],
            "name": "mobiusview12",
            "namespace": "mobius-prod",
            "pass_credentials": false,
            "postrender": [],
            "recreate_pods": false,
            "render_subchart_notes": true,
            "replace": false,
            "repository": null,
            "repository_ca_file": null,
            "repository_cert_file": null,
            "repository_key_file": null,
            "repository_password": null,
            "repository_username": null,
            "reset_values": false,
            "reuse_values": false,
            "set": [
              {
                "name": "image.repository",
                "type": "",
                "value": "localhost:5000/mobius-view"
              },
              {
                "name": "image.tag",
                "type": "",
                "value": "12.1.1"
              },
              {
                "name": "initRepository.host",
                "type": "",
                "value": "mobius12"
              },
              {
                "name": "initRepository.port",
                "type": "",
                "value": "8080"
              },
              {
                "name": "master.mobiusViewDiagnostics.persistentVolume.accessMode",
                "type": "",
                "value": "ReadWriteOnce"
              },
              {
                "name": "master.mobiusViewDiagnostics.persistentVolume.claimName",
                "type": "",
                "value": "pvc-mobiusview12-diagnostics"
              },
              {
                "name": "master.mobiusViewDiagnostics.persistentVolume.size",
                "type": "",
                "value": "1Gi"
              },
              {
                "name": "master.persistence.accessMode",
                "type": "",
                "value": "ReadWriteOnce"
              },
              {
                "name": "master.persistence.claimName",
                "type": "",
                "value": "pvc-mobiusview12-storage"
              },
              {
                "name": "master.persistence.size",
                "type": "",
                "value": "1Gi"
              },
              {
                "name": "master.presentations.persistentVolume.accessMode",
                "type": "",
                "value": "ReadWriteOnce"
              },
              {
                "name": "master.presentations.persistentVolume.claimName",
                "type": "",
                "value": "pvc-mobiusview12-presentation"
              },
              {
                "name": "master.presentations.persistentVolume.size",
                "type": "",
                "value": "1Gi"
              }
            ],
            "set_sensitive": [],
            "skip_crds": false,
            "status": "deployed",
            "timeout": 300,
            "values": [
              "{\"ingress\":{\"annotations\":{\"nginx.ingress.kubernetes.io/affinity\":\"cookie\",\"nginx.ingress.kubernetes.io/affinity-mode\":\"persistent\",\"nginx.ingress.kubernetes.io/proxy-body-size\":\"32m\",\"nginx.ingress.kubernetes.io/proxy-buffer-size\":\"8k\",\"nginx.ingress.kubernetes.io/rewrite-target\":\"/mobius$1\",\"nginx.ingress.kubernetes.io/session-cookie-change-on-failure\":\"false\",\"nginx.ingress.kubernetes.io/session-cookie-expires\":\"172800\",\"nginx.ingress.kubernetes.io/session-cookie-hash\":\"sha1\",\"nginx.ingress.kubernetes.io/session-cookie-max-age\":\"172800\",\"nginx.ingress.kubernetes.io/session-cookie-name\":\"session-cookie\",\"nginx.ingress.kubernetes.io/session-cookie-path\":\"/mobius\",\"nginx.ingress.kubernetes.io/ssl-redirect\":\"false\"},\"className\":\"nginx\",\"enabled\":true,\"hosts\":[{\"host\":\"mobius12.local.net\",\"paths\":[{\"path\":\"/mobius(.*)$\",\"pathType\":\"ImplementationSpecific\"}]}],\"tls\":[{\"hosts\":[\"mobius12.local.net\"],\"secretName\":\"mobius-tls-secret\"}]}}"
            ],
            "verify": false,
            "version": "12.0.0",
            "wait": true,
            "wait_for_jobs": false
          },
          "sensitive_attributes": [],
          "private": "eyJzY2hlbWFfdmVyc2lvbiI6IjEifQ==",
          "dependencies": [
            "kubernetes_secret.mobius-tls-secret",
            "kubernetes_secret.mobiusview-server-secrets",
            "kubernetes_secret.mobiusview_license"
          ]
        }
      ]
    },
    {
      "mode": "managed",
      "type": "kubernetes_persistent_volume_claim",
      "name": "mobius12-diag",
      "provider": "provider[\"registry.terraform.io/hashicorp/kubernetes\"]",
      "instances": [
        {
          "schema_version": 0,
          "attributes": {
            "id": "mobius-prod/pvc-mobius12-diagnose",
            "metadata": [
              {
                "annotations": null,
                "generate_name": "",
                "generation": 0,
                "labels": null,
                "name": "pvc-mobius12-diagnose",
                "namespace": "mobius-prod",
                "resource_version": "3139",
                "uid": "db6dcb57-51b0-4ecb-af99-b668b19efca5"
              }
            ],
            "spec": [
              {
                "access_modes": [
                  "ReadWriteOnce"
                ],
                "resources": [
                  {
                    "limits": null,
                    "requests": {
                      "storage": "1Gi"
                    }
                  }
                ],
                "selector": [],
                "storage_class_name": "local-path",
                "volume_name": "pvc-db6dcb57-51b0-4ecb-af99-b668b19efca5"
              }
            ],
            "timeouts": null,
            "wait_until_bound": true
          },
          "sensitive_attributes": [],
          "private": "eyJlMmJmYjczMC1lY2FhLTExZTYtOGY4OC0zNDM2M2JjN2M0YzAiOnsiY3JlYXRlIjozMDAwMDAwMDAwMDB9fQ=="
        }
      ]
    },
    {
      "mode": "managed",
      "type": "kubernetes_persistent_volume_claim",
      "name": "mobius12-efs",
      "provider": "provider[\"registry.terraform.io/hashicorp/kubernetes\"]",
      "instances": [
        {
          "schema_version": 0,
          "attributes": {
            "id": "mobius-prod/pvc-mobius12-efs",
            "metadata": [
              {
                "annotations": null,
                "generate_name": "",
                "generation": 0,
                "labels": null,
                "name": "pvc-mobius12-efs",
                "namespace": "mobius-prod",
                "resource_version": "3115",
                "uid": "c6337ccb-ab8d-44c4-afa2-b68e72ef4af5"
              }
            ],
            "spec": [
              {
                "access_modes": [
                  "ReadWriteOnce"
                ],
                "resources": [
                  {
                    "limits": null,
                    "requests": {
                      "storage": "1Gi"
                    }
                  }
                ],
                "selector": [],
                "storage_class_name": "local-path",
                "volume_name": "pvc-c6337ccb-ab8d-44c4-afa2-b68e72ef4af5"
              }
            ],
            "timeouts": null,
            "wait_until_bound": true
          },
          "sensitive_attributes": [],
          "private": "eyJlMmJmYjczMC1lY2FhLTExZTYtOGY4OC0zNDM2M2JjN2M0YzAiOnsiY3JlYXRlIjozMDAwMDAwMDAwMDB9fQ=="
        }
      ]
    },
    {
      "mode": "managed",
      "type": "kubernetes_secret",
      "name": "mobius-tls-secret",
      "provider": "provider[\"registry.terraform.io/hashicorp/kubernetes\"]",
      "instances": [
        {
          "schema_version": 0,
          "attributes": {
            "binary_data": null,
            "data": {
              "tls.crt": "LS0tLS1CRUdJTiBDRVJUSUZJQ0FURS0tLS0tCk1JSURXekNDQWtPZ0F3SUJBZ0lVT2RFVm1nTVZad2w2cUo0Qmt6MWFPeXNtRGlRd0RRWUpLb1pJaHZjTkFRRUwKQlFBd0hURWJNQmtHQTFVRUF3d1NiVzlpYVhWek1USXViRzlqWVd3dWJtVjBNQjRYRFRJek1EUXhNakl3TXpJMQpORm9YRFRNek1EUXdPVEl3TXpJMU5Gb3dIVEViTUJrR0ExVUVBd3dTYlc5aWFYVnpNVEl1Ykc5allXd3VibVYwCk1JSUJJakFOQmdrcWhraUc5dzBCQVFFRkFBT0NBUThBTUlJQkNnS0NBUUVBbHNUdGlvaGZKZXBmeXlHaXMxcUQKbjVoSnZXNklFNU5BQ1RJOVB1dTAzdy9UQWtVWGQxdnFFaUZOVzdkYlQvT1NnRURlUDdYRVhwK05LenprZ1dlLwovL05SWllTR2hFQ3BKRGFwWUgrd2w2K0swTUhyWmJXMWltejNZZmhNREhYbEZvR09zUDlGb2FPaE13MUp4cGxMCnhpWmlYSVRTUU9yUHZCN0V3SEFSUDBKZGMxVkdqbzRTd2RYeGtZa1JDeUYxUjBvYWpsRVd6eEZVQWFOU25FQm4KWUdwWHQxQWg5NEl2M3RoVVRMUmhrWnFQSk9QYjdaT2diRTM4NElkQmkxdHJJZ2tzVjQ5M2hZRVkvdy9SQ3A4NQowWDdpRDEvTDZvQzluckxTV21GTkljNG44MWJKTTBxbUVHdkdhNXQrcDVQTlJKQjlteG9jd2lSMHRQTzE1TUxPCkhRSURBUUFCbzRHU01JR1BNQjBHQTFVZERnUVdCQlQyYkplY21sZlNtQjROU2hZS3lacE55dnlLaWpBZkJnTlYKSFNNRUdEQVdnQlQyYkplY21sZlNtQjROU2hZS3lacE55dnlLaWpBUEJnTlZIUk1CQWY4RUJUQURBUUgvTUIwRwpBMVVkRVFRV01CU0NFbTF2WW1sMWN6RXlMbXh2WTJGc0xtNWxkREFkQmdOVkhTVUVGakFVQmdnckJnRUZCUWNECkFRWUlLd1lCQlFVSEF3SXdEUVlKS29aSWh2Y05BUUVMQlFBRGdnRUJBRWRGbm5SWi9tWEhwRmE5aVpTUFhGZW8KK3RCNXBaS3J4djAxcTliUjlOMU9qMWR6c3lXdDh3OE5JdGxvSFZ1NTdiVDF1T1FwMGUxK2p2YzdvN09pZ2JlUQp6RnFnajJPMnBqdUVWQVlycXhwb055Y2JxVExhSVZKVkN5YzJBMWQyekNDUTVXMFM2LzFrRDcwU1hFVkpVVXFBCjJFbFI2eVEwT3lwTUJoSXBpamNDWDEyOHVYVlhCdGx5U2p6dFhDTFZRT3RLR2V3Mjl4MWJhLzM3cmxUYXBEblMKbnRDakprVjdTeENLU3lTTUIwZzlYNDlDdHN0d204S2NLd0gxR2RsZ1M0NDE4MXBvV2gwVFB2RXA3K1JrTXNlYwpXYTVESXFGajJnSlFnRVdwYmJ0QTUzWUFrS25STTdKMDNySnBBWUpCeFc2cXhqd1NtampEZHN2VHVVRWpvNTg9Ci0tLS0tRU5EIENFUlRJRklDQVRFLS0tLS0K",
              "tls.key": "LS0tLS1CRUdJTiBQUklWQVRFIEtFWS0tLS0tCk1JSUV2UUlCQURBTkJna3Foa2lHOXcwQkFRRUZBQVNDQktjd2dnU2pBZ0VBQW9JQkFRQ1d4TzJLaUY4bDZsL0wKSWFLeldvT2ZtRW05Ym9nVGswQUpNajArNjdUZkQ5TUNSUmQzVytvU0lVMWJ0MXRQODVLQVFONC90Y1JlbjQwcgpQT1NCWjcvLzgxRmxoSWFFUUtra05xbGdmN0NYcjRyUXdldGx0YldLYlBkaCtFd01kZVVXZ1k2dy8wV2hvNkV6CkRVbkdtVXZHSm1KY2hOSkE2cys4SHNUQWNCRS9RbDF6VlVhT2poTEIxZkdSaVJFTElYVkhTaHFPVVJiUEVWUUIKbzFLY1FHZGdhbGUzVUNIM2dpL2UyRlJNdEdHUm1vOGs0OXZ0azZCc1RmemdoMEdMVzJzaUNTeFhqM2VGZ1JqLwpEOUVLbnpuUmZ1SVBYOHZxZ0wyZXN0SmFZVTBoemlmelZza3pTcVlRYThacm0zNm5rODFFa0gyYkdoekNKSFMwCjg3WGt3czRkQWdNQkFBRUNnZ0VBQlBYSGwrUUR0M2dVWlQxRmNaMS9DbU1uM3JFM2ZIQUxxQUhMdHZVMlUra2gKQjY3U0ZVZ3N4RE9IRXY2QmRmQmVNV3FrSEtLNnNxZlUrWlFNQURETkk2V2t2amo4WkRLb1lpUWxLT2RkdDVZegpVZzR5WEdyOGJZSURCWHFQcFdYVTNMWVdUaVZTZE1vb1VsbytqL2pNQ29Qd0dGZUMxSnMrbTRiRUpOWXhhTzVSClJ4ZU9Mb2djYVVNSUZRM1RVWFFuclFtbEgwSElyNFE5SllxclZMQjVBMmkvMEx1Sm8yMVhBbzdnQzd4WjZscmoKQkNySlNuSDRLRGNGdVJJMnZ0RWFjdUs3d200QW80enh3ZHp4Qm9aUXhTOCtMaGhvTVd2WmpiajJXV08xRmhtUApCbTE1YU5PcWVXTHVRVHFXenNNd282MXFkV3ZKcldXV2t2YTRJV0xtbFFLQmdRREVUeFBwaTlqWDBvOUVzT1QrCnU1UlQvbmJ4NTVwWFB4UzJLb0xKbkVuT3ppa01kMHRJNjZsbWNQY3dVclJnL2ZaSjZTdXRpNlV2dktNa2FLYUgKMUM1TElOZDltSUJaRUlEeVgzQTVCeUNxZUcxcUJTZ3FjbEhwNHFYdkl2aWRScGFxcS84bllJajJ1UDhuNitsRAp1djBqbWN2S3JYUWpOay9OVlBTb1VlcGlVd0tCZ1FERW5QMGhMSHZQR0ZobHJJc0xxUDFMa2h3QTNPeG9TZFRaClNBQ2FUT3MxZ1ZIcis4S013R08zeUJGekExVTVWY3ZrUktIV0duNVNtY1p1V3hhVTRXQnhPbnRURGtxU3ZFNkcKMkdRQWtFZjhjZ0pHYW9kT25PNGdwM3JKcjdBOFEyT20ybkZla1YxSFhQMEpCa1hhU2FzK1JIZkdPdTVrSy96Mgp1Q0EvZkMzZnp3S0JnSGJlZTJ3NzVqNHBuZDgyVGpPQldqdlNKaXdzMWVSbXFoLzBkZVdtNFhwOGs1YWMxZFY5Ci9jR3VQYi9oRktCMnA1L3h0U1VOSGlWZDBGdkhrcTlFNkJOTis2NXRuYXBRdUFRTGptUzUwQ25wYWpkOGorbkQKOTUzc1JCWWQwdlZKUFFwenc3a1FWMTh1ZmpLcVEwRmtCTXg5NEUwRjR3RS9iZXNqdWxJQjZDOUpBb0dCQUpPSwpxM25sZzlOWkZaelc2bEVKczJxdWJrMUhmRENXbHgrbXBLMGw0NnYzSzU3SEFxdlZBLys2Sno0RDFrUjhXZEVtCm43dW5qZncyWVc0VzlNOHNnYzcyYisxWDRDWlZJU2lYNGhONk1rc0MweW84YnVWVFptOGl2MFh5alhIcnNEQloKNUpGdXpHenRId1ZTcThDdlg4NE9XME5xbmRLV0gvS1ZJYjRDVmZxSkFvR0FiY2I0SVVRNW8xQVlWSW5SOGFXZQpTT1VqdVRFWjNTVnllSysxaVY1eUpqL3ViRlJOd21qTUF4cnlkdGVaT1RYdXd4OHFTaWpDZFBPVk4rVXBiYlAzCk4ydy93Nm54UnJsS1JWak5JWlNScE54STlUeWRSTk94VitWc2duRkJTZGR2VUNUb0YvN2dRcGNGdUt6dG5uVVQKRmt1SXh2c2g5eVhGS0ZLRCtjbVRuMUE9Ci0tLS0tRU5EIFBSSVZBVEUgS0VZLS0tLS0K"
            },
            "id": "mobius-prod/mobius-tls-secret",
            "immutable": false,
            "metadata": [
              {
                "annotations": null,
                "generate_name": "",
                "generation": 0,
                "labels": null,
                "name": "mobius-tls-secret",
                "namespace": "mobius-prod",
                "resource_version": "3014",
                "uid": "088204f8-191d-4a38-bf0b-02bfa2848778"
              }
            ],
            "timeouts": null,
            "type": "kubernetes.io/tls",
            "wait_for_service_account_token": true
          },
          "sensitive_attributes": [],
          "private": "eyJlMmJmYjczMC1lY2FhLTExZTYtOGY4OC0zNDM2M2JjN2M0YzAiOnsiY3JlYXRlIjo2MDAwMDAwMDAwMH19"
        }
      ]
    },
    {
      "mode": "managed",
      "type": "kubernetes_secret",
      "name": "mobius12",
      "provider": "provider[\"registry.terraform.io/hashicorp/kubernetes\"]",
      "instances": [
        {
          "schema_version": 0,
          "attributes": {
            "binary_data": null,
            "data": {
              "endpoint": "postgres-postgresql.shared",
              "password": "postgres",
              "port": "5432",
              "schema": "mobiusserver12",
              "topicPassword": "postgres",
              "topicUrl": "jdbc:postgresql://postgres-postgresql.shared:5432/eventanalytics",
              "topicUser": "eventanalytics",
              "user": "mobiusserver12"
            },
            "id": "mobius-prod/mobius-server-secrets",
            "immutable": false,
            "metadata": [
              {
                "annotations": null,
                "generate_name": "",
                "generation": 0,
                "labels": null,
                "name": "mobius-server-secrets",
                "namespace": "mobius-prod",
                "resource_version": "3013",
                "uid": "226d0e93-2a40-4541-8e26-a089c8022d12"
              }
            ],
            "timeouts": null,
            "type": "Opaque",
            "wait_for_service_account_token": true
          },
          "sensitive_attributes": [],
          "private": "eyJlMmJmYjczMC1lY2FhLTExZTYtOGY4OC0zNDM2M2JjN2M0YzAiOnsiY3JlYXRlIjo2MDAwMDAwMDAwMH19"
        }
      ]
    },
    {
      "mode": "managed",
      "type": "kubernetes_secret",
      "name": "mobiusview-server-secrets",
      "provider": "provider[\"registry.terraform.io/hashicorp/kubernetes\"]",
      "instances": [
        {
          "schema_version": 0,
          "attributes": {
            "binary_data": null,
            "data": {
              "password": "postgres",
              "url": "jdbc:postgresql://postgres-postgresql.shared:5432/mobiusview12",
              "username": "mobiusview12"
            },
            "id": "mobius-prod/mobiusview-server-secrets",
            "immutable": false,
            "metadata": [
              {
                "annotations": null,
                "generate_name": "",
                "generation": 0,
                "labels": null,
                "name": "mobiusview-server-secrets",
                "namespace": "mobius-prod",
                "resource_version": "3017",
                "uid": "11aa2f34-cf54-4a9a-9c6e-b9ad67d810c9"
              }
            ],
            "timeouts": null,
            "type": "Opaque",
            "wait_for_service_account_token": true
          },
          "sensitive_attributes": [],
          "private": "eyJlMmJmYjczMC1lY2FhLTExZTYtOGY4OC0zNDM2M2JjN2M0YzAiOnsiY3JlYXRlIjo2MDAwMDAwMDAwMH19"
        }
      ]
    },
    {
      "mode": "managed",
      "type": "kubernetes_secret",
      "name": "mobiusview_license",
      "provider": "provider[\"registry.terraform.io/hashicorp/kubernetes\"]",
      "instances": [
        {
          "schema_version": 0,
          "attributes": {
            "binary_data": null,
            "data": {
              "license": "01MOBIUS52464A464C4BC95859518381908FAEA4434F46515E53539681955B454D6240534556564351471D454D12405303565672514759454D1640530556560B51470E454D6040537C56560D514715454D1040536556560351470A454D0540531356560951472A454D2A40531556561D5642BB544F4A095454A4A7A744454B0C4A4FB2A2A0365456594348D9B486"
            },
            "id": "mobius-prod/mobius-license",
            "immutable": false,
            "metadata": [
              {
                "annotations": null,
                "generate_name": "",
                "generation": 0,
                "labels": null,
                "name": "mobius-license",
                "namespace": "mobius-prod",
                "resource_version": "3015",
                "uid": "4035db3e-cdb3-4075-b4e9-837dd661cbc9"
              }
            ],
            "timeouts": null,
            "type": "Opaque",
            "wait_for_service_account_token": true
          },
          "sensitive_attributes": [],
          "private": "eyJlMmJmYjczMC1lY2FhLTExZTYtOGY4OC0zNDM2M2JjN2M0YzAiOnsiY3JlYXRlIjo2MDAwMDAwMDAwMH19"
        }
      ]
    }
  ],
  "check_results": null
}
