{
  "version": 4,
  "terraform_version": "1.4.4",
  "serial": 28,
  "lineage": "5d401b6a-5898-44af-32ab-cd1bec084bd9",
  "outputs": {},
  "resources": [
    {
      "mode": "managed",
      "type": "helm_release",
      "name": "mobius12",
      "provider": "provider[\"registry.terraform.io/hashicorp/helm\"]",
      "instances": [
        {
          "schema_version": 1,
          "attributes": {
            "atomic": false,
            "chart": "./helm/mobius-12.0.0",
            "cleanup_on_fail": false,
            "create_namespace": true,
            "dependency_update": false,
            "description": null,
            "devel": null,
            "disable_crd_hooks": false,
            "disable_openapi_validation": false,
            "disable_webhooks": false,
            "force_update": false,
            "id": "mobius12",
            "keyring": null,
            "lint": false,
            "manifest": null,
            "max_history": 0,
            "metadata": [
              {
                "app_version": "12",
                "chart": "mobius",
                "name": "mobius12",
                "namespace": "mobius",
                "revision": 1,
                "values": "{\"image\":{\"repository\":\"localhost:5000/mobius-server\",\"tag\":\"12.1.0004\"},\"mobius\":{\"admin\":{\"group\":\"mobiusadmin\",\"user\":\"admin\"},\"clustering\":{\"kubernetes\":{\"namespace\":\"mobius\"}},\"fts\":{\"host\":\"elasticsearch-master.shared\"},\"mobiusDiagnostics\":{\"persistentVolume\":{\"claimName\":\"pvc-mobius12-diagnose\",\"size\":\"1Gi\",\"volumeName\":\"pv-mobius12-diagnose\"}},\"persistentVolume\":{\"claimName\":\"pvc-mobius12-efs\",\"size\":\"1Gi\",\"volumeName\":\"pv-mobius12-efs\"},\"rds\":{\"protocol\":5432,\"provider\":\"POSTGRESQL\"}},\"storageClassName\":\"microk8s-hostpath\"}",
                "version": "12.0.0"
              }
            ],
            "name": "mobius12",
            "namespace": "mobius",
            "pass_credentials": false,
            "postrender": [],
            "recreate_pods": false,
            "render_subchart_notes": true,
            "replace": false,
            "repository": null,
            "repository_ca_file": null,
            "repository_cert_file": null,
            "repository_key_file": null,
            "repository_password": null,
            "repository_username": null,
            "reset_values": false,
            "reuse_values": false,
            "set": [
              {
                "name": "image.repository",
                "type": "",
                "value": "localhost:5000/mobius-server"
              },
              {
                "name": "image.tag",
                "type": "",
                "value": "12.1.0004"
              },
              {
                "name": "mobius.admin.group",
                "type": "",
                "value": "mobiusadmin"
              },
              {
                "name": "mobius.admin.user",
                "type": "",
                "value": "admin"
              },
              {
                "name": "mobius.clustering.kubernetes.namespace",
                "type": "",
                "value": "mobius"
              },
              {
                "name": "mobius.fts.host",
                "type": "",
                "value": "elasticsearch-master.shared"
              },
              {
                "name": "mobius.mobiusDiagnostics.persistentVolume.claimName",
                "type": "",
                "value": "pvc-mobius12-diagnose"
              },
              {
                "name": "mobius.mobiusDiagnostics.persistentVolume.size",
                "type": "",
                "value": "1Gi"
              },
              {
                "name": "mobius.mobiusDiagnostics.persistentVolume.volumeName",
                "type": "",
                "value": "pv-mobius12-diagnose"
              },
              {
                "name": "mobius.persistentVolume.claimName",
                "type": "",
                "value": "pvc-mobius12-efs"
              },
              {
                "name": "mobius.persistentVolume.size",
                "type": "",
                "value": "1Gi"
              },
              {
                "name": "mobius.persistentVolume.volumeName",
                "type": "",
                "value": "pv-mobius12-efs"
              },
              {
                "name": "mobius.rds.protocol",
                "type": "",
                "value": "5432"
              },
              {
                "name": "mobius.rds.provider",
                "type": "",
                "value": "POSTGRESQL"
              },
              {
                "name": "storageClassName",
                "type": "",
                "value": "microk8s-hostpath"
              }
            ],
            "set_sensitive": [],
            "skip_crds": false,
            "status": "deployed",
            "timeout": 300,
            "values": null,
            "verify": false,
            "version": "12.0.0",
            "wait": true,
            "wait_for_jobs": false
          },
          "sensitive_attributes": [],
          "private": "eyJzY2hlbWFfdmVyc2lvbiI6IjEifQ==",
          "dependencies": [
            "kubernetes_namespace.mobius",
            "kubernetes_secret.mobius12"
          ]
        }
      ]
    },
    {
      "mode": "managed",
      "type": "helm_release",
      "name": "mobiusview12",
      "provider": "provider[\"registry.terraform.io/hashicorp/helm\"]",
      "instances": []
    },
    {
      "mode": "managed",
      "type": "kubernetes_namespace",
      "name": "mobius",
      "provider": "provider[\"registry.terraform.io/hashicorp/kubernetes\"]",
      "instances": [
        {
          "schema_version": 0,
          "attributes": {
            "id": "mobius",
            "metadata": [
              {
                "annotations": {
                  "name": "mobius"
                },
                "generate_name": "",
                "generation": 0,
                "labels": {
                  "mylabel": "mobius"
                },
                "name": "mobius",
                "resource_version": "1108",
                "uid": "8be678af-d609-4191-8231-89f5a540a3a9"
              }
            ],
            "timeouts": null
          },
          "sensitive_attributes": [],
          "private": "eyJlMmJmYjczMC1lY2FhLTExZTYtOGY4OC0zNDM2M2JjN2M0YzAiOnsiZGVsZXRlIjozMDAwMDAwMDAwMDB9fQ=="
        }
      ]
    },
    {
      "mode": "managed",
      "type": "kubernetes_persistent_volume_claim",
      "name": "mobius12-diag",
      "provider": "provider[\"registry.terraform.io/hashicorp/kubernetes\"]",
      "instances": [
        {
          "schema_version": 0,
          "attributes": {
            "id": "mobius/pvc-mobius12-diagnose",
            "metadata": [
              {
                "annotations": {},
                "generate_name": "",
                "generation": 0,
                "labels": {},
                "name": "pvc-mobius12-diagnose",
                "namespace": "mobius",
                "resource_version": "1186",
                "uid": "5cab3105-727d-4992-91e8-e4cce2a3b164"
              }
            ],
            "spec": [
              {
                "access_modes": [
                  "ReadWriteOnce"
                ],
                "resources": [
                  {
                    "limits": {},
                    "requests": {
                      "storage": "1Gi"
                    }
                  }
                ],
                "selector": [],
                "storage_class_name": "local-path",
                "volume_name": "pvc-5cab3105-727d-4992-91e8-e4cce2a3b164"
              }
            ],
            "timeouts": null,
            "wait_until_bound": true
          },
          "sensitive_attributes": [],
          "private": "eyJlMmJmYjczMC1lY2FhLTExZTYtOGY4OC0zNDM2M2JjN2M0YzAiOnsiY3JlYXRlIjozMDAwMDAwMDAwMDB9fQ==",
          "dependencies": [
            "kubernetes_namespace.mobius"
          ]
        }
      ]
    },
    {
      "mode": "managed",
      "type": "kubernetes_persistent_volume_claim",
      "name": "mobius12-efs",
      "provider": "provider[\"registry.terraform.io/hashicorp/kubernetes\"]",
      "instances": [
        {
          "schema_version": 0,
          "attributes": {
            "id": "mobius/pvc-mobius12-efs",
            "metadata": [
              {
                "annotations": {},
                "generate_name": "",
                "generation": 0,
                "labels": {},
                "name": "pvc-mobius12-efs",
                "namespace": "mobius",
                "resource_version": "1183",
                "uid": "50f9347c-654b-4cd0-b731-bf90eb159b58"
              }
            ],
            "spec": [
              {
                "access_modes": [
                  "ReadWriteOnce"
                ],
                "resources": [
                  {
                    "limits": {},
                    "requests": {
                      "storage": "1Gi"
                    }
                  }
                ],
                "selector": [],
                "storage_class_name": "local-path",
                "volume_name": "pvc-50f9347c-654b-4cd0-b731-bf90eb159b58"
              }
            ],
            "timeouts": null,
            "wait_until_bound": true
          },
          "sensitive_attributes": [],
          "private": "eyJlMmJmYjczMC1lY2FhLTExZTYtOGY4OC0zNDM2M2JjN2M0YzAiOnsiY3JlYXRlIjozMDAwMDAwMDAwMDB9fQ==",
          "dependencies": [
            "kubernetes_namespace.mobius"
          ]
        }
      ]
    },
    {
      "mode": "managed",
      "type": "kubernetes_persistent_volume_claim",
      "name": "mobiusview12-diag",
      "provider": "provider[\"registry.terraform.io/hashicorp/kubernetes\"]",
      "instances": [
        {
          "status": "tainted",
          "schema_version": 0,
          "attributes": {
            "id": "mobius/pvc-mobiusview12-diagnostics",
            "metadata": [
              {
                "annotations": null,
                "generate_name": "",
                "generation": 0,
                "labels": null,
                "name": "pvc-mobiusview12-diagnostics",
                "namespace": "mobius",
                "resource_version": "",
                "uid": ""
              }
            ],
            "spec": [
              {
                "access_modes": [
                  "ReadWriteOnce"
                ],
                "resources": [
                  {
                    "limits": null,
                    "requests": {
                      "storage": "1Gi"
                    }
                  }
                ],
                "selector": [],
                "storage_class_name": "",
                "volume_name": ""
              }
            ],
            "timeouts": null,
            "wait_until_bound": true
          },
          "sensitive_attributes": [],
          "private": "eyJlMmJmYjczMC1lY2FhLTExZTYtOGY4OC0zNDM2M2JjN2M0YzAiOnsiY3JlYXRlIjozMDAwMDAwMDAwMDB9fQ=="
        }
      ]
    },
    {
      "mode": "managed",
      "type": "kubernetes_persistent_volume_claim",
      "name": "mobiusview12-pres",
      "provider": "provider[\"registry.terraform.io/hashicorp/kubernetes\"]",
      "instances": [
        {
          "status": "tainted",
          "schema_version": 0,
          "attributes": {
            "id": "mobius/pvc-mobiusview12-presentation",
            "metadata": [
              {
                "annotations": null,
                "generate_name": "",
                "generation": 0,
                "labels": null,
                "name": "pvc-mobiusview12-presentation",
                "namespace": "mobius",
                "resource_version": "",
                "uid": ""
              }
            ],
            "spec": [
              {
                "access_modes": [
                  "ReadWriteOnce"
                ],
                "resources": [
                  {
                    "limits": null,
                    "requests": {
                      "storage": "1Gi"
                    }
                  }
                ],
                "selector": [],
                "storage_class_name": "",
                "volume_name": ""
              }
            ],
            "timeouts": null,
            "wait_until_bound": true
          },
          "sensitive_attributes": [],
          "private": "eyJlMmJmYjczMC1lY2FhLTExZTYtOGY4OC0zNDM2M2JjN2M0YzAiOnsiY3JlYXRlIjozMDAwMDAwMDAwMDB9fQ=="
        }
      ]
    },
    {
      "mode": "managed",
      "type": "kubernetes_persistent_volume_claim",
      "name": "mobiusview12-storage",
      "provider": "provider[\"registry.terraform.io/hashicorp/kubernetes\"]",
      "instances": [
        {
          "status": "tainted",
          "schema_version": 0,
          "attributes": {
            "id": "mobius/pvc-mobiusview12-storage",
            "metadata": [
              {
                "annotations": null,
                "generate_name": "",
                "generation": 0,
                "labels": null,
                "name": "pvc-mobiusview12-storage",
                "namespace": "mobius",
                "resource_version": "",
                "uid": ""
              }
            ],
            "spec": [
              {
                "access_modes": [
                  "ReadWriteOnce"
                ],
                "resources": [
                  {
                    "limits": null,
                    "requests": {
                      "storage": "1Gi"
                    }
                  }
                ],
                "selector": [],
                "storage_class_name": "",
                "volume_name": ""
              }
            ],
            "timeouts": null,
            "wait_until_bound": true
          },
          "sensitive_attributes": [],
          "private": "eyJlMmJmYjczMC1lY2FhLTExZTYtOGY4OC0zNDM2M2JjN2M0YzAiOnsiY3JlYXRlIjozMDAwMDAwMDAwMDB9fQ=="
        }
      ]
    },
    {
      "mode": "managed",
      "type": "kubernetes_secret",
      "name": "mobius12",
      "provider": "provider[\"registry.terraform.io/hashicorp/kubernetes\"]",
      "instances": [
        {
          "schema_version": 0,
          "attributes": {
            "binary_data": null,
            "data": {
              "endpoint": "postgres-postgresql.shared",
              "password": "postgres",
              "port": "5432",
              "schema": "mobiusserver12",
              "topicPassword": "postgres",
              "topicUrl": "jdbc:postgresql://postgres-postgresql.shared:5432/eventanalytics",
              "topicUser": "eventanalytics",
              "user": "mobiusserver12"
            },
            "id": "mobius/mobius-server-secrets",
            "immutable": false,
            "metadata": [
              {
                "annotations": {},
                "generate_name": "",
                "generation": 0,
                "labels": {},
                "name": "mobius-server-secrets",
                "namespace": "mobius",
                "resource_version": "1115",
                "uid": "6da278ea-4a65-466b-872f-885e9f0347e4"
              }
            ],
            "timeouts": null,
            "type": "Opaque",
            "wait_for_service_account_token": true
          },
          "sensitive_attributes": [],
          "private": "eyJlMmJmYjczMC1lY2FhLTExZTYtOGY4OC0zNDM2M2JjN2M0YzAiOnsiY3JlYXRlIjo2MDAwMDAwMDAwMH19",
          "dependencies": [
            "kubernetes_namespace.mobius"
          ]
        }
      ]
    },
    {
      "mode": "managed",
      "type": "kubernetes_secret",
      "name": "mobiusview-server-secrets",
      "provider": "provider[\"registry.terraform.io/hashicorp/kubernetes\"]",
      "instances": [
        {
          "schema_version": 0,
          "attributes": {
            "binary_data": null,
            "data": {
              "password": "postgres",
              "url": "jdbc:postgresql://postgres-postgresql.shared:5432/mobiusview12",
              "username": "mobiusview12"
            },
            "id": "mobius/mobiusview-server-secrets",
            "immutable": false,
            "metadata": [
              {
                "annotations": {},
                "generate_name": "",
                "generation": 0,
                "labels": {},
                "name": "mobiusview-server-secrets",
                "namespace": "mobius",
                "resource_version": "1117",
                "uid": "42299b16-3cd9-4204-9efc-5d8662dc9cd8"
              }
            ],
            "timeouts": null,
            "type": "Opaque",
            "wait_for_service_account_token": true
          },
          "sensitive_attributes": [],
          "private": "eyJlMmJmYjczMC1lY2FhLTExZTYtOGY4OC0zNDM2M2JjN2M0YzAiOnsiY3JlYXRlIjo2MDAwMDAwMDAwMH19",
          "dependencies": [
            "kubernetes_namespace.mobius"
          ]
        }
      ]
    },
    {
      "mode": "managed",
      "type": "kubernetes_secret",
      "name": "mobiusview_license",
      "provider": "provider[\"registry.terraform.io/hashicorp/kubernetes\"]",
      "instances": [
        {
          "schema_version": 0,
          "attributes": {
            "binary_data": null,
            "data": {
              "license": "01MOBIUS52464A464C4BC95859518381908FAEA4434F46515E53539681955B454D6240534556564351471D454D12405303565672514759454D1640530556560B51470E454D6040537C56560D514715454D1040536556560351470A454D0540531356560951472A454D2A40531556561D5642BB544F4A095454A4A7A744454B0C4A4FB2A2A0365456594348D9B486"
            },
            "id": "mobius/mobius-license",
            "immutable": false,
            "metadata": [
              {
                "annotations": {},
                "generate_name": "",
                "generation": 0,
                "labels": {},
                "name": "mobius-license",
                "namespace": "mobius",
                "resource_version": "1120",
                "uid": "1dce929c-2e00-44ed-9725-81da7d956e37"
              }
            ],
            "timeouts": null,
            "type": "Opaque",
            "wait_for_service_account_token": true
          },
          "sensitive_attributes": [],
          "private": "eyJlMmJmYjczMC1lY2FhLTExZTYtOGY4OC0zNDM2M2JjN2M0YzAiOnsiY3JlYXRlIjo2MDAwMDAwMDAwMH19",
          "dependencies": [
            "kubernetes_namespace.mobius"
          ]
        }
      ]
    }
  ],
  "check_results": null
}
