{
  "version": 4,
  "terraform_version": "1.4.4",
  "serial": 112,
  "lineage": "5d401b6a-5898-44af-32ab-cd1bec084bd9",
  "outputs": {},
  "resources": [
    {
      "mode": "managed",
      "type": "helm_release",
      "name": "mobius12",
      "provider": "provider[\"registry.terraform.io/hashicorp/helm\"]",
      "instances": []
    },
    {
      "mode": "managed",
      "type": "helm_release",
      "name": "mobiusview12",
      "provider": "provider[\"registry.terraform.io/hashicorp/helm\"]",
      "instances": []
    },
    {
      "mode": "managed",
      "type": "kubernetes_persistent_volume_claim",
      "name": "mobius12-diag",
      "provider": "provider[\"registry.terraform.io/hashicorp/kubernetes\"]",
      "instances": []
    },
    {
      "mode": "managed",
      "type": "kubernetes_persistent_volume_claim",
      "name": "mobius12-efs",
      "provider": "provider[\"registry.terraform.io/hashicorp/kubernetes\"]",
      "instances": []
    },
    {
      "mode": "managed",
      "type": "kubernetes_secret",
      "name": "mobius12",
      "provider": "provider[\"registry.terraform.io/hashicorp/kubernetes\"]",
      "instances": [
        {
          "schema_version": 0,
          "attributes": {
            "binary_data": null,
            "data": {
              "endpoint": "postgres-postgresql.shared",
              "password": "postgres",
              "port": "5432",
              "schema": "mobiusserver12",
              "topicPassword": "postgres",
              "topicUrl": "jdbc:postgresql://postgres-postgresql.shared:5432/eventanalytics",
              "topicUser": "eventanalytics",
              "user": "mobiusserver12"
            },
            "id": "mobius-prod/mobius-server-secrets",
            "immutable": false,
            "metadata": [
              {
                "annotations": null,
                "generate_name": "",
                "generation": 0,
                "labels": null,
                "name": "mobius-server-secrets",
                "namespace": "mobius-prod",
                "resource_version": "1173",
                "uid": "c4b20b5e-221a-456e-995c-467f597757bf"
              }
            ],
            "timeouts": null,
            "type": "Opaque",
            "wait_for_service_account_token": true
          },
          "sensitive_attributes": [],
          "private": "eyJlMmJmYjczMC1lY2FhLTExZTYtOGY4OC0zNDM2M2JjN2M0YzAiOnsiY3JlYXRlIjo2MDAwMDAwMDAwMH19"
        }
      ]
    },
    {
      "mode": "managed",
      "type": "kubernetes_secret",
      "name": "mobiusview-server-secrets",
      "provider": "provider[\"registry.terraform.io/hashicorp/kubernetes\"]",
      "instances": [
        {
          "schema_version": 0,
          "attributes": {
            "binary_data": null,
            "data": {
              "password": "postgres",
              "url": "jdbc:postgresql://postgres-postgresql.shared:5432/mobiusview12",
              "username": "mobiusview12"
            },
            "id": "mobius-prod/mobiusview-server-secrets",
            "immutable": false,
            "metadata": [
              {
                "annotations": null,
                "generate_name": "",
                "generation": 0,
                "labels": null,
                "name": "mobiusview-server-secrets",
                "namespace": "mobius-prod",
                "resource_version": "1170",
                "uid": "24619ffd-b924-4495-a66c-04fbec3b83ef"
              }
            ],
            "timeouts": null,
            "type": "Opaque",
            "wait_for_service_account_token": true
          },
          "sensitive_attributes": [],
          "private": "eyJlMmJmYjczMC1lY2FhLTExZTYtOGY4OC0zNDM2M2JjN2M0YzAiOnsiY3JlYXRlIjo2MDAwMDAwMDAwMH19"
        }
      ]
    },
    {
      "mode": "managed",
      "type": "kubernetes_secret",
      "name": "mobiusview_license",
      "provider": "provider[\"registry.terraform.io/hashicorp/kubernetes\"]",
      "instances": [
        {
          "schema_version": 0,
          "attributes": {
            "binary_data": null,
            "data": {
              "license": "01MOBIUS52464A464C4BC95859518381908FAEA4434F46515E53539681955B454D6240534556564351471D454D12405303565672514759454D1640530556560B51470E454D6040537C56560D514715454D1040536556560351470A454D0540531356560951472A454D2A40531556561D5642BB544F4A095454A4A7A744454B0C4A4FB2A2A0365456594348D9B486"
            },
            "id": "mobius-prod/mobius-license",
            "immutable": false,
            "metadata": [
              {
                "annotations": null,
                "generate_name": "",
                "generation": 0,
                "labels": null,
                "name": "mobius-license",
                "namespace": "mobius-prod",
                "resource_version": "1172",
                "uid": "97489720-63c1-468e-a488-592e5d3b6399"
              }
            ],
            "timeouts": null,
            "type": "Opaque",
            "wait_for_service_account_token": true
          },
          "sensitive_attributes": [],
          "private": "eyJlMmJmYjczMC1lY2FhLTExZTYtOGY4OC0zNDM2M2JjN2M0YzAiOnsiY3JlYXRlIjo2MDAwMDAwMDAwMH19"
        }
      ]
    }
  ],
  "check_results": null
}
