{
  "version": 4,
  "terraform_version": "1.4.4",
  "serial": 107,
  "lineage": "5d401b6a-5898-44af-32ab-cd1bec084bd9",
  "outputs": {},
  "resources": [
    {
      "mode": "managed",
      "type": "helm_release",
      "name": "mobius12",
      "provider": "provider[\"registry.terraform.io/hashicorp/helm\"]",
      "instances": [
        {
          "schema_version": 1,
          "attributes": {
            "atomic": false,
            "chart": "./helm/mobius-12.0.0",
            "cleanup_on_fail": false,
            "create_namespace": true,
            "dependency_update": false,
            "description": null,
            "devel": null,
            "disable_crd_hooks": false,
            "disable_openapi_validation": false,
            "disable_webhooks": false,
            "force_update": false,
            "id": "mobius12",
            "keyring": null,
            "lint": false,
            "manifest": null,
            "max_history": 0,
            "metadata": [
              {
                "app_version": "12",
                "chart": "mobius",
                "name": "mobius12",
                "namespace": "mobius-prod",
                "revision": 1,
                "values": "{\"image\":{\"repository\":\"localhost:5000/mobius-server\",\"tag\":\"12.1.0004\"},\"mobius\":{\"admin\":{\"group\":\"mobiusadmin\",\"user\":\"admin\"},\"clustering\":{\"kubernetes\":{\"namespace\":\"mobius-prod\"}},\"fts\":{\"host\":\"elasticsearch-master.shared\"},\"mobiusDiagnostics\":{\"persistentVolume\":{\"claimName\":\"pvc-mobius12-diagnose\",\"size\":\"1Gi\",\"volumeName\":\"pv-mobius12-diagnose\"}},\"persistentVolume\":{\"claimName\":\"pvc-mobius12-efs\",\"size\":\"1Gi\",\"volumeName\":\"pv-mobius12-efs\"},\"rds\":{\"protocol\":5432,\"provider\":\"POSTGRESQL\"}},\"storageClassName\":\"microk8s-hostpath\"}",
                "version": "12.0.0"
              }
            ],
            "name": "mobius12",
            "namespace": "mobius-prod",
            "pass_credentials": false,
            "postrender": [],
            "recreate_pods": false,
            "render_subchart_notes": true,
            "replace": false,
            "repository": null,
            "repository_ca_file": null,
            "repository_cert_file": null,
            "repository_key_file": null,
            "repository_password": null,
            "repository_username": null,
            "reset_values": false,
            "reuse_values": false,
            "set": [
              {
                "name": "image.repository",
                "type": "",
                "value": "localhost:5000/mobius-server"
              },
              {
                "name": "image.tag",
                "type": "",
                "value": "12.1.0004"
              },
              {
                "name": "mobius.admin.group",
                "type": "",
                "value": "mobiusadmin"
              },
              {
                "name": "mobius.admin.user",
                "type": "",
                "value": "admin"
              },
              {
                "name": "mobius.clustering.kubernetes.namespace",
                "type": "",
                "value": "mobius-prod"
              },
              {
                "name": "mobius.fts.host",
                "type": "",
                "value": "elasticsearch-master.shared"
              },
              {
                "name": "mobius.mobiusDiagnostics.persistentVolume.claimName",
                "type": "",
                "value": "pvc-mobius12-diagnose"
              },
              {
                "name": "mobius.mobiusDiagnostics.persistentVolume.size",
                "type": "",
                "value": "1Gi"
              },
              {
                "name": "mobius.mobiusDiagnostics.persistentVolume.volumeName",
                "type": "",
                "value": "pv-mobius12-diagnose"
              },
              {
                "name": "mobius.persistentVolume.claimName",
                "type": "",
                "value": "pvc-mobius12-efs"
              },
              {
                "name": "mobius.persistentVolume.size",
                "type": "",
                "value": "1Gi"
              },
              {
                "name": "mobius.persistentVolume.volumeName",
                "type": "",
                "value": "pv-mobius12-efs"
              },
              {
                "name": "mobius.rds.protocol",
                "type": "",
                "value": "5432"
              },
              {
                "name": "mobius.rds.provider",
                "type": "",
                "value": "POSTGRESQL"
              },
              {
                "name": "storageClassName",
                "type": "",
                "value": "microk8s-hostpath"
              }
            ],
            "set_sensitive": [],
            "skip_crds": false,
            "status": "deployed",
            "timeout": 300,
            "values": null,
            "verify": false,
            "version": "12.0.0",
            "wait": true,
            "wait_for_jobs": false
          },
          "sensitive_attributes": [],
          "private": "eyJzY2hlbWFfdmVyc2lvbiI6IjEifQ==",
          "dependencies": [
            "kubernetes_secret.mobius12"
          ]
        }
      ]
    },
    {
      "mode": "managed",
      "type": "helm_release",
      "name": "mobiusview12",
      "provider": "provider[\"registry.terraform.io/hashicorp/helm\"]",
      "instances": [
        {
          "schema_version": 1,
          "attributes": {
            "atomic": false,
            "chart": "./helm/mobiusview-12.0.0",
            "cleanup_on_fail": false,
            "create_namespace": true,
            "dependency_update": false,
            "description": null,
            "devel": null,
            "disable_crd_hooks": false,
            "disable_openapi_validation": false,
            "disable_webhooks": false,
            "force_update": false,
            "id": "mobiusview12",
            "keyring": null,
            "lint": false,
            "manifest": null,
            "max_history": 0,
            "metadata": [
              {
                "app_version": "12.0.0005",
                "chart": "mobiusview",
                "name": "mobiusview12",
                "namespace": "mobius-prod",
                "revision": 1,
                "values": "{\"image\":{\"repository\":\"localhost:5000/mobius-view\",\"tag\":\"12.1.1\"},\"ingress\":{\"annotations\":{\"nginx.ingress.kubernetes.io/affinity\":\"cookie\",\"nginx.ingress.kubernetes.io/affinity-mode\":\"persistent\",\"nginx.ingress.kubernetes.io/proxy-body-size\":\"32m\",\"nginx.ingress.kubernetes.io/proxy-buffer-size\":\"8k\",\"nginx.ingress.kubernetes.io/rewrite-target\":\"/mobius$1\",\"nginx.ingress.kubernetes.io/session-cookie-change-on-failure\":\"false\",\"nginx.ingress.kubernetes.io/session-cookie-expires\":\"172800\",\"nginx.ingress.kubernetes.io/session-cookie-hash\":\"sha1\",\"nginx.ingress.kubernetes.io/session-cookie-max-age\":\"172800\",\"nginx.ingress.kubernetes.io/session-cookie-name\":\"session-cookie\",\"nginx.ingress.kubernetes.io/session-cookie-path\":\"/mobius\",\"nginx.ingress.kubernetes.io/ssl-redirect\":\"false\"},\"className\":\"nginx\",\"enabled\":true,\"hosts\":[{\"host\":\"mobius12.local.net\",\"paths\":[{\"path\":\"/mobius(.*)$\",\"pathType\":\"ImplementationSpecific\"}]}],\"tls\":[{\"hosts\":[\"mobius12.local.net\"],\"secretName\":\"mobius-tls-secret\"}]},\"initRepository\":{\"host\":\"mobius12\",\"port\":8080},\"master\":{\"mobiusViewDiagnostics\":{\"persistentVolume\":{\"accessMode\":\"ReadWriteOnce\",\"claimName\":\"pvc-mobiusview12-diagnostics\",\"size\":\"1Gi\"}},\"persistence\":{\"accessMode\":\"ReadWriteOnce\",\"claimName\":\"pvc-mobiusview12-storage\",\"size\":\"1Gi\"},\"presentations\":{\"persistentVolume\":{\"accessMode\":\"ReadWriteOnce\",\"claimName\":\"pvc-mobiusview12-presentation\",\"size\":\"1Gi\"}}}}",
                "version": "12.0.0"
              }
            ],
            "name": "mobiusview12",
            "namespace": "mobius-prod",
            "pass_credentials": false,
            "postrender": [],
            "recreate_pods": false,
            "render_subchart_notes": true,
            "replace": false,
            "repository": null,
            "repository_ca_file": null,
            "repository_cert_file": null,
            "repository_key_file": null,
            "repository_password": null,
            "repository_username": null,
            "reset_values": false,
            "reuse_values": false,
            "set": [
              {
                "name": "image.repository",
                "type": "",
                "value": "localhost:5000/mobius-view"
              },
              {
                "name": "image.tag",
                "type": "",
                "value": "12.1.1"
              },
              {
                "name": "initRepository.host",
                "type": "",
                "value": "mobius12"
              },
              {
                "name": "initRepository.port",
                "type": "",
                "value": "8080"
              },
              {
                "name": "master.mobiusViewDiagnostics.persistentVolume.accessMode",
                "type": "",
                "value": "ReadWriteOnce"
              },
              {
                "name": "master.mobiusViewDiagnostics.persistentVolume.claimName",
                "type": "",
                "value": "pvc-mobiusview12-diagnostics"
              },
              {
                "name": "master.mobiusViewDiagnostics.persistentVolume.size",
                "type": "",
                "value": "1Gi"
              },
              {
                "name": "master.persistence.accessMode",
                "type": "",
                "value": "ReadWriteOnce"
              },
              {
                "name": "master.persistence.claimName",
                "type": "",
                "value": "pvc-mobiusview12-storage"
              },
              {
                "name": "master.persistence.size",
                "type": "",
                "value": "1Gi"
              },
              {
                "name": "master.presentations.persistentVolume.accessMode",
                "type": "",
                "value": "ReadWriteOnce"
              },
              {
                "name": "master.presentations.persistentVolume.claimName",
                "type": "",
                "value": "pvc-mobiusview12-presentation"
              },
              {
                "name": "master.presentations.persistentVolume.size",
                "type": "",
                "value": "1Gi"
              }
            ],
            "set_sensitive": [],
            "skip_crds": false,
            "status": "deployed",
            "timeout": 300,
            "values": [
              "{\"ingress\":{\"annotations\":{\"nginx.ingress.kubernetes.io/affinity\":\"cookie\",\"nginx.ingress.kubernetes.io/affinity-mode\":\"persistent\",\"nginx.ingress.kubernetes.io/proxy-body-size\":\"32m\",\"nginx.ingress.kubernetes.io/proxy-buffer-size\":\"8k\",\"nginx.ingress.kubernetes.io/rewrite-target\":\"/mobius$1\",\"nginx.ingress.kubernetes.io/session-cookie-change-on-failure\":\"false\",\"nginx.ingress.kubernetes.io/session-cookie-expires\":\"172800\",\"nginx.ingress.kubernetes.io/session-cookie-hash\":\"sha1\",\"nginx.ingress.kubernetes.io/session-cookie-max-age\":\"172800\",\"nginx.ingress.kubernetes.io/session-cookie-name\":\"session-cookie\",\"nginx.ingress.kubernetes.io/session-cookie-path\":\"/mobius\",\"nginx.ingress.kubernetes.io/ssl-redirect\":\"false\"},\"className\":\"nginx\",\"enabled\":true,\"hosts\":[{\"host\":\"mobius12.local.net\",\"paths\":[{\"path\":\"/mobius(.*)$\",\"pathType\":\"ImplementationSpecific\"}]}],\"tls\":[{\"hosts\":[\"mobius12.local.net\"],\"secretName\":\"mobius-tls-secret\"}]}}"
            ],
            "verify": false,
            "version": "12.0.0",
            "wait": true,
            "wait_for_jobs": false
          },
          "sensitive_attributes": [],
          "private": "eyJzY2hlbWFfdmVyc2lvbiI6IjEifQ==",
          "dependencies": [
            "kubernetes_secret.mobiusview-server-secrets",
            "kubernetes_secret.mobiusview_license"
          ]
        }
      ]
    },
    {
      "mode": "managed",
      "type": "kubernetes_persistent_volume_claim",
      "name": "mobius12-diag",
      "provider": "provider[\"registry.terraform.io/hashicorp/kubernetes\"]",
      "instances": [
        {
          "schema_version": 0,
          "attributes": {
            "id": "mobius-prod/pvc-mobius12-diagnose",
            "metadata": [
              {
                "annotations": null,
                "generate_name": "",
                "generation": 0,
                "labels": null,
                "name": "pvc-mobius12-diagnose",
                "namespace": "mobius-prod",
                "resource_version": "3260",
                "uid": "9d8faaa0-09b5-4d52-853a-33d830279ae5"
              }
            ],
            "spec": [
              {
                "access_modes": [
                  "ReadWriteOnce"
                ],
                "resources": [
                  {
                    "limits": null,
                    "requests": {
                      "storage": "1Gi"
                    }
                  }
                ],
                "selector": [],
                "storage_class_name": "local-path",
                "volume_name": "pvc-9d8faaa0-09b5-4d52-853a-33d830279ae5"
              }
            ],
            "timeouts": null,
            "wait_until_bound": true
          },
          "sensitive_attributes": [],
          "private": "eyJlMmJmYjczMC1lY2FhLTExZTYtOGY4OC0zNDM2M2JjN2M0YzAiOnsiY3JlYXRlIjozMDAwMDAwMDAwMDB9fQ=="
        }
      ]
    },
    {
      "mode": "managed",
      "type": "kubernetes_persistent_volume_claim",
      "name": "mobius12-efs",
      "provider": "provider[\"registry.terraform.io/hashicorp/kubernetes\"]",
      "instances": [
        {
          "schema_version": 0,
          "attributes": {
            "id": "mobius-prod/pvc-mobius12-efs",
            "metadata": [
              {
                "annotations": null,
                "generate_name": "",
                "generation": 0,
                "labels": null,
                "name": "pvc-mobius12-efs",
                "namespace": "mobius-prod",
                "resource_version": "3256",
                "uid": "1ed20afd-4204-483b-8c88-4eafd8b68342"
              }
            ],
            "spec": [
              {
                "access_modes": [
                  "ReadWriteOnce"
                ],
                "resources": [
                  {
                    "limits": null,
                    "requests": {
                      "storage": "1Gi"
                    }
                  }
                ],
                "selector": [],
                "storage_class_name": "local-path",
                "volume_name": "pvc-1ed20afd-4204-483b-8c88-4eafd8b68342"
              }
            ],
            "timeouts": null,
            "wait_until_bound": true
          },
          "sensitive_attributes": [],
          "private": "eyJlMmJmYjczMC1lY2FhLTExZTYtOGY4OC0zNDM2M2JjN2M0YzAiOnsiY3JlYXRlIjozMDAwMDAwMDAwMDB9fQ=="
        }
      ]
    },
    {
      "mode": "managed",
      "type": "kubernetes_secret",
      "name": "mobius-tls-secret",
      "provider": "provider[\"registry.terraform.io/hashicorp/kubernetes\"]",
      "instances": [
        {
          "schema_version": 0,
          "attributes": {
            "binary_data": null,
            "data": {
              "tls.crt": "LS0tLS1CRUdJTiBDRVJUSUZJQ0FURS0tLS0tCk1JSURXekNDQWtPZ0F3SUJBZ0lVSnZoQVp1SXBUbk1CNE5uVFNFVXJmYVZHYnBnd0RRWUpLb1pJaHZjTkFRRUwKQlFBd0hURWJNQmtHQTFVRUF3d1NiVzlpYVhWek1USXViRzlqWVd3dWJtVjBNQjRYRFRJek1EUXhNakU1TXpVMQpNMW9YRFRNek1EUXdPVEU1TXpVMU0xb3dIVEViTUJrR0ExVUVBd3dTYlc5aWFYVnpNVEl1Ykc5allXd3VibVYwCk1JSUJJakFOQmdrcWhraUc5dzBCQVFFRkFBT0NBUThBTUlJQkNnS0NBUUVBdGlEVEdwOEFZdU1POURydGFwU0IKRFJDd21VUUJiQXp4NEhhUTFSWVhRNFR5aVJ0bDZkT1BTRXgvVzZNa1VaYXpRcXNrV0pnVHM3SVRhNTZxUkJycQpKWER6RXhhZG82eDVjYXNWb1FwYzhFcndzcFVjK0pENUZyTjZVRlJYVGtIVmpRbCtIM1ltUFNicW9oYlcrZFgzCktVdnduTk8wSm5GdHBrWGQwSSt0YUN5SnU1ZDM2M3dvODFlNFVGK1c1dHRVSSs1N1lCbzZxZmRwSE0rWGZ6WW4KTmxIR1Vxc0tib0FOMGo5UnRrS1MycFh4emRXMnVwWFd1NzBsNENCTVdFWTk5UkJyaHZDTThYVFlxdlhWZmo0RwpPSkw1OStHVlVxSDhzSkd0anpMWm9aaDlDUExqQWJhR05lalJvR0xZMnYrRldSUGpLSFhLRFdQbFJxUUxHR1JSCnl3SURBUUFCbzRHU01JR1BNQjBHQTFVZERnUVdCQlFYY2F1eU9sNjJkUnNTRkhqQmpuNGVxR2swTkRBZkJnTlYKSFNNRUdEQVdnQlFYY2F1eU9sNjJkUnNTRkhqQmpuNGVxR2swTkRBUEJnTlZIUk1CQWY4RUJUQURBUUgvTUIwRwpBMVVkRVFRV01CU0NFbTF2WW1sMWN6RXlMbXh2WTJGc0xtNWxkREFkQmdOVkhTVUVGakFVQmdnckJnRUZCUWNECkFRWUlLd1lCQlFVSEF3SXdEUVlKS29aSWh2Y05BUUVMQlFBRGdnRUJBSEhkeE9rVFJuTVIxYnpXYkhkYU9WOEoKY2Jpd3F2S2hSNmlWMDBGNHZKTk1KZ2txL2l1QW5OQWdIL1RUTFZFRnVIM2t0alBpQWkrZXBVeC95RzJxck9wRgpzODNmcEliM1h5a3psWkhKMnVJWnRVVy9Ua0dZaS9scWd1SkNZcThueDlhL3p3VGY4a0hQWk14K2IzVklzdlBECitPaGZZN05DY0MrejhsZi9vc2tsYVNmcDU2dHFNd09pTWtaUlhGOUNoVTczMi9uNUpjeFp3UUU1MHI0L1lmZVAKcTVaMkZPSDVaL2lpbERiMTQ4a1FEK21nUWxaSWQ4eW02WHU0NHdiZWNxL1lxcEMybXd2TytoMFVQRElWb1BKdwp2Q3kwbSs0RU02amo4QmIwdHE5ck85ZkMySkdSS2VLZHlKdFIxZmh1aklENlZ0Ym9hUllJZk42U3R4K3pTNEE9Ci0tLS0tRU5EIENFUlRJRklDQVRFLS0tLS0K",
              "tls.key": "LS0tLS1CRUdJTiBQUklWQVRFIEtFWS0tLS0tCk1JSUV2Z0lCQURBTkJna3Foa2lHOXcwQkFRRUZBQVNDQktnd2dnU2tBZ0VBQW9JQkFRQzJJTk1hbndCaTR3NzAKT3UxcWxJRU5FTENaUkFGc0RQSGdkcERWRmhkRGhQS0pHMlhwMDQ5SVRIOWJveVJSbHJOQ3F5UlltQk96c2hOcgpucXBFR3VvbGNQTVRGcDJqckhseHF4V2hDbHp3U3ZDeWxSejRrUGtXczNwUVZGZE9RZFdOQ1g0ZmRpWTlKdXFpCkZ0YjUxZmNwUy9DYzA3UW1jVzJtUmQzUWo2MW9MSW03bDNmcmZDanpWN2hRWDVibTIxUWo3bnRnR2pxcDkya2MKejVkL05pYzJVY1pTcXdwdWdBM1NQMUcyUXBMYWxmSE4xYmE2bGRhN3ZTWGdJRXhZUmozMUVHdUc4SXp4ZE5pcQo5ZFYrUGdZNGt2bjM0WlZTb2Z5d2thMlBNdG1obUgwSTh1TUJ0b1kxNk5HZ1l0amEvNFZaRStNb2Rjb05ZK1ZHCnBBc1laRkhMQWdNQkFBRUNnZ0VBRXEyQkdNelBuRlNPMXdzb0IvTWMzUHNtTVVHaEo3U1lKWjNqTW9jbWNaMHoKeGszU0FNM2FkdDZwZlB0WklTamtUMlQvd0Rvd1l4QlRINGxSQ3RUN3lFVXlHSFlNU3BuSWhwaTJDaUxtN3htdwpYNUFkUFh5WW52UmZDZGZzY0RFZU5tMlB5cWd5T2JsQS9NaDgyWGhROWFJOUZjZzhSR2tEaHJiSmpiYitZSjFzClFIRUlXWDE2WWk1UFd4WmVIa2x1ODRjUkxjRlpMMUs3KzNNRUU3QjUxM0QrY3JHTlhkRmZPWCtTa1h0ZDJFMm8KWE1WOUlrTDB4RnNSYWpsaEJ4RXFRaU5FcnNGQm1aWTU3bVg3Z3poNTNuSUJ4TEtFckpBQU9DTEl0V0JqY1ViNgpxcjNqM0VhdHpWQ0JWdGlIUVVhcGc2RXo0b081YmxNSEJ3OWxCclpKeVFLQmdRRHA1dGV4cncvMFk5cEd0dHlTCkEzVm84Nk5oR3NIVjVPU0U3ZVpGUVE2S05YOTR3TzNaSW1MM0VMYWNqa2JwR0xicjM3aTNBYWttZFF6d1pmVmMKTko5L2c0aWRvU2FWSnUyQ0pndENaV3N1Q3VHSW0xbW5rZHU0a2FEY3hLNWJ4dVJCS0tBQ2dsRzBGYjJjYm5SZgpzRS9LcGt3KzRZSGNJMm5hTXhjZThDcmRyUUtCZ1FESFZja25BSEFyNDVwOFUyWkE3anVOMVNUeXM5eHowK1RLCmxIOFJ4TFJDQXFmem5SYjNwMWtkenJpQjdIT1lQNmx4b1k4VXJsN055SjQ5UmtKdUFpQUwrM2lKaHFTOXJDUEsKU2FiNEVJOEE1alFvZUNLTzZDdmx1czJXc3NpM2lOOGY5NTBEcjZIOVc0bnBZaWh4R1dXZGJ6aEF3b2ZCemV6agprdnRxdzBac1Z3S0JnUURBN1E3c0dDRm95eE8zVUEwT3dwdU5QYWg4NTcwSjJBcEZPcFM4ZXJTcmV3VHhiUERDCk1JTEFscUNJOFRHOEFnNmU3NkZFRWJLYmJlQ0dTUkxnUXVkc0hlb0pXbXFnaThOTG5tV2JGbHdaVmhCQXhTSmwKL1FEbWMvZmpJTGRRSy9VSmFhRFJjUHhETmN0M3hBTnBDZHhHb25ReFNYLzdPNXFMeDZoQ2RJWm00UUtCZ0JjLwo3a0phVHJzUHhRa1RRUzM1bTRDamg3ZTNPdE5YdDZ2WlBpajRaSDMraVZCazFqVDBrL1JpRkNzelJSaFE5SmFJClhZUHdBcWJGNjQ4Q0R1Vjk0ZmNEMGI5WXNRWmVlWjR5a1FNR0MyZnpjY24ybVRGSjZ6VFVZUDVleEFLRU9HSW0KSTI0Mm9oSkhCd0x0ckFIbEVIRVljOXM1MVZQSmpRUE9OUHp5NGRmcEFvR0JBSXgzNVd5WjlrdWdvSlhvVFpVaQoyVU5ZN3ZkbXJ1bDhFdzVYVGRKRHZQMEdTdWJ4YnN2RFlDTHVQSzNMNmEwM282dmtWMzlYLzdnQjNobzFxMkplCnVnaVg2R3lGcGcySkJaVlg3ZzFwM2pENFJUSFUzb2RkM1FNZ1RPSDlxZ21pNUEyNmFqQTM2WHMvbDZ5K280dHAKbWVkaTYxQklody9MZGwrTFV4TmpzcGZ4Ci0tLS0tRU5EIFBSSVZBVEUgS0VZLS0tLS0K"
            },
            "id": "mobius-prod/mobius-tls-secret",
            "immutable": false,
            "metadata": [
              {
                "annotations": null,
                "generate_name": "",
                "generation": 0,
                "labels": null,
                "name": "mobius-tls-secret",
                "namespace": "mobius-prod",
                "resource_version": "3133",
                "uid": "644ae037-652d-4e1b-b6da-d9e04cb23109"
              }
            ],
            "timeouts": null,
            "type": "kubernetes.io/tls",
            "wait_for_service_account_token": true
          },
          "sensitive_attributes": [],
          "private": "eyJlMmJmYjczMC1lY2FhLTExZTYtOGY4OC0zNDM2M2JjN2M0YzAiOnsiY3JlYXRlIjo2MDAwMDAwMDAwMH19"
        }
      ]
    },
    {
      "mode": "managed",
      "type": "kubernetes_secret",
      "name": "mobius12",
      "provider": "provider[\"registry.terraform.io/hashicorp/kubernetes\"]",
      "instances": [
        {
          "schema_version": 0,
          "attributes": {
            "binary_data": null,
            "data": {
              "endpoint": "postgres-postgresql.shared",
              "password": "postgres",
              "port": "5432",
              "schema": "mobiusserver12",
              "topicPassword": "postgres",
              "topicUrl": "jdbc:postgresql://postgres-postgresql.shared:5432/eventanalytics",
              "topicUser": "eventanalytics",
              "user": "mobiusserver12"
            },
            "id": "mobius-prod/mobius-server-secrets",
            "immutable": false,
            "metadata": [
              {
                "annotations": null,
                "generate_name": "",
                "generation": 0,
                "labels": null,
                "name": "mobius-server-secrets",
                "namespace": "mobius-prod",
                "resource_version": "3130",
                "uid": "449c59bf-f790-4ba1-a2bb-2b1a4a9b9431"
              }
            ],
            "timeouts": null,
            "type": "Opaque",
            "wait_for_service_account_token": true
          },
          "sensitive_attributes": [],
          "private": "eyJlMmJmYjczMC1lY2FhLTExZTYtOGY4OC0zNDM2M2JjN2M0YzAiOnsiY3JlYXRlIjo2MDAwMDAwMDAwMH19"
        }
      ]
    },
    {
      "mode": "managed",
      "type": "kubernetes_secret",
      "name": "mobiusview-server-secrets",
      "provider": "provider[\"registry.terraform.io/hashicorp/kubernetes\"]",
      "instances": [
        {
          "schema_version": 0,
          "attributes": {
            "binary_data": null,
            "data": {
              "password": "postgres",
              "url": "jdbc:postgresql://postgres-postgresql.shared:5432/mobiusview12",
              "username": "mobiusview12"
            },
            "id": "mobius-prod/mobiusview-server-secrets",
            "immutable": false,
            "metadata": [
              {
                "annotations": null,
                "generate_name": "",
                "generation": 0,
                "labels": null,
                "name": "mobiusview-server-secrets",
                "namespace": "mobius-prod",
                "resource_version": "3134",
                "uid": "9521b42b-fe81-4c59-80bb-29de821dc2ff"
              }
            ],
            "timeouts": null,
            "type": "Opaque",
            "wait_for_service_account_token": true
          },
          "sensitive_attributes": [],
          "private": "eyJlMmJmYjczMC1lY2FhLTExZTYtOGY4OC0zNDM2M2JjN2M0YzAiOnsiY3JlYXRlIjo2MDAwMDAwMDAwMH19"
        }
      ]
    },
    {
      "mode": "managed",
      "type": "kubernetes_secret",
      "name": "mobiusview_license",
      "provider": "provider[\"registry.terraform.io/hashicorp/kubernetes\"]",
      "instances": [
        {
          "schema_version": 0,
          "attributes": {
            "binary_data": null,
            "data": {
              "license": "01MOBIUS52464A464C4BC95859518381908FAEA4434F46515E53539681955B454D6240534556564351471D454D12405303565672514759454D1640530556560B51470E454D6040537C56560D514715454D1040536556560351470A454D0540531356560951472A454D2A40531556561D5642BB544F4A095454A4A7A744454B0C4A4FB2A2A0365456594348D9B486"
            },
            "id": "mobius-prod/mobius-license",
            "immutable": false,
            "metadata": [
              {
                "annotations": null,
                "generate_name": "",
                "generation": 0,
                "labels": null,
                "name": "mobius-license",
                "namespace": "mobius-prod",
                "resource_version": "3131",
                "uid": "b58af305-67d5-45a8-b63a-421f74fc6a16"
              }
            ],
            "timeouts": null,
            "type": "Opaque",
            "wait_for_service_account_token": true
          },
          "sensitive_attributes": [],
          "private": "eyJlMmJmYjczMC1lY2FhLTExZTYtOGY4OC0zNDM2M2JjN2M0YzAiOnsiY3JlYXRlIjo2MDAwMDAwMDAwMH19"
        }
      ]
    }
  ],
  "check_results": null
}
