{
  "version": 4,
  "terraform_version": "1.4.5",
  "serial": 258,
  "lineage": "5d401b6a-5898-44af-32ab-cd1bec084bd9",
  "outputs": {},
  "resources": [
    {
      "mode": "managed",
      "type": "helm_release",
      "name": "mobius12",
      "provider": "provider[\"registry.terraform.io/hashicorp/helm\"]",
      "instances": [
        {
          "schema_version": 1,
          "attributes": {
            "atomic": false,
            "chart": "./helm/mobius-12.0.0",
            "cleanup_on_fail": false,
            "create_namespace": true,
            "dependency_update": false,
            "description": null,
            "devel": null,
            "disable_crd_hooks": false,
            "disable_openapi_validation": false,
            "disable_webhooks": false,
            "force_update": false,
            "id": "mobius12",
            "keyring": null,
            "lint": false,
            "manifest": null,
            "max_history": 0,
            "metadata": [
              {
                "app_version": "12",
                "chart": "mobius",
                "name": "mobius12",
                "namespace": "mobius-prod",
                "revision": 1,
                "values": "{\"image\":{\"repository\":\"localhost:5000/mobius-server\",\"tag\":\"12.1.0004\"},\"mobius\":{\"admin\":{\"group\":\"mobiusadmin\",\"user\":\"admin\"},\"clustering\":{\"kubernetes\":{\"namespace\":\"mobius-prod\"}},\"fts\":{\"host\":\"elasticsearch-master.shared\"},\"mobiusDiagnostics\":{\"persistentVolume\":{\"claimName\":\"pvc-mobius12-diagnose\",\"size\":\"1Gi\",\"volumeName\":\"pv-mobius12-diagnose\"}},\"persistentVolume\":{\"claimName\":\"pvc-mobius12-efs\",\"size\":\"1Gi\",\"volumeName\":\"pv-mobius12-efs\"},\"rds\":{\"protocol\":5432,\"provider\":\"POSTGRESQL\"}},\"storageClassName\":\"microk8s-hostpath\"}",
                "version": "12.0.0"
              }
            ],
            "name": "mobius12",
            "namespace": "mobius-prod",
            "pass_credentials": false,
            "postrender": [],
            "recreate_pods": false,
            "render_subchart_notes": true,
            "replace": false,
            "repository": null,
            "repository_ca_file": null,
            "repository_cert_file": null,
            "repository_key_file": null,
            "repository_password": null,
            "repository_username": null,
            "reset_values": false,
            "reuse_values": false,
            "set": [
              {
                "name": "image.repository",
                "type": "",
                "value": "localhost:5000/mobius-server"
              },
              {
                "name": "image.tag",
                "type": "",
                "value": "12.1.0004"
              },
              {
                "name": "mobius.admin.group",
                "type": "",
                "value": "mobiusadmin"
              },
              {
                "name": "mobius.admin.user",
                "type": "",
                "value": "admin"
              },
              {
                "name": "mobius.clustering.kubernetes.namespace",
                "type": "",
                "value": "mobius-prod"
              },
              {
                "name": "mobius.fts.host",
                "type": "",
                "value": "elasticsearch-master.shared"
              },
              {
                "name": "mobius.mobiusDiagnostics.persistentVolume.claimName",
                "type": "",
                "value": "pvc-mobius12-diagnose"
              },
              {
                "name": "mobius.mobiusDiagnostics.persistentVolume.size",
                "type": "",
                "value": "1Gi"
              },
              {
                "name": "mobius.mobiusDiagnostics.persistentVolume.volumeName",
                "type": "",
                "value": "pv-mobius12-diagnose"
              },
              {
                "name": "mobius.persistentVolume.claimName",
                "type": "",
                "value": "pvc-mobius12-efs"
              },
              {
                "name": "mobius.persistentVolume.size",
                "type": "",
                "value": "1Gi"
              },
              {
                "name": "mobius.persistentVolume.volumeName",
                "type": "",
                "value": "pv-mobius12-efs"
              },
              {
                "name": "mobius.rds.protocol",
                "type": "",
                "value": "5432"
              },
              {
                "name": "mobius.rds.provider",
                "type": "",
                "value": "POSTGRESQL"
              },
              {
                "name": "storageClassName",
                "type": "",
                "value": "microk8s-hostpath"
              }
            ],
            "set_sensitive": [],
            "skip_crds": false,
            "status": "deployed",
            "timeout": 300,
            "values": null,
            "verify": false,
            "version": "12.0.0",
            "wait": true,
            "wait_for_jobs": false
          },
          "sensitive_attributes": [],
          "private": "eyJzY2hlbWFfdmVyc2lvbiI6IjEifQ==",
          "dependencies": [
            "kubernetes_secret.mobius12"
          ]
        }
      ]
    },
    {
      "mode": "managed",
      "type": "helm_release",
      "name": "mobiusview12",
      "provider": "provider[\"registry.terraform.io/hashicorp/helm\"]",
      "instances": [
        {
          "schema_version": 1,
          "attributes": {
            "atomic": false,
            "chart": "./helm/mobiusview-12.0.0",
            "cleanup_on_fail": false,
            "create_namespace": true,
            "dependency_update": false,
            "description": null,
            "devel": null,
            "disable_crd_hooks": false,
            "disable_openapi_validation": false,
            "disable_webhooks": false,
            "force_update": false,
            "id": "mobiusview12",
            "keyring": null,
            "lint": false,
            "manifest": null,
            "max_history": 0,
            "metadata": [
              {
                "app_version": "12.0.0005",
                "chart": "mobiusview",
                "name": "mobiusview12",
                "namespace": "mobius-prod",
                "revision": 1,
                "values": "{\"image\":{\"repository\":\"localhost:5000/mobius-view\",\"tag\":\"12.1.1\"},\"ingress\":{\"annotations\":{\"nginx.ingress.kubernetes.io/affinity\":\"cookie\",\"nginx.ingress.kubernetes.io/affinity-mode\":\"persistent\",\"nginx.ingress.kubernetes.io/proxy-body-size\":\"32m\",\"nginx.ingress.kubernetes.io/proxy-buffer-size\":\"8k\",\"nginx.ingress.kubernetes.io/rewrite-target\":\"/mobius$1\",\"nginx.ingress.kubernetes.io/session-cookie-change-on-failure\":\"false\",\"nginx.ingress.kubernetes.io/session-cookie-expires\":\"172800\",\"nginx.ingress.kubernetes.io/session-cookie-hash\":\"sha1\",\"nginx.ingress.kubernetes.io/session-cookie-max-age\":\"172800\",\"nginx.ingress.kubernetes.io/session-cookie-name\":\"session-cookie\",\"nginx.ingress.kubernetes.io/session-cookie-path\":\"/mobius\",\"nginx.ingress.kubernetes.io/ssl-redirect\":\"false\"},\"className\":\"nginx\",\"enabled\":true,\"hosts\":[{\"host\":\"mobius12.local.net\",\"paths\":[{\"path\":\"/mobius(.*)$\",\"pathType\":\"ImplementationSpecific\"}]}]},\"initRepository\":{\"host\":\"mobius12\",\"port\":8080},\"master\":{\"mobiusViewDiagnostics\":{\"persistentVolume\":{\"accessMode\":\"ReadWriteOnce\",\"claimName\":\"pvc-mobiusview12-diagnostics\",\"size\":\"1Gi\"}},\"persistence\":{\"accessMode\":\"ReadWriteOnce\",\"claimName\":\"pvc-mobiusview12-storage\",\"size\":\"1Gi\"},\"presentations\":{\"persistentVolume\":{\"accessMode\":\"ReadWriteOnce\",\"claimName\":\"pvc-mobiusview12-presentation\",\"size\":\"1Gi\"}}},\"service\":{\"port\":8080}}",
                "version": "12.0.0"
              }
            ],
            "name": "mobiusview12",
            "namespace": "mobius-prod",
            "pass_credentials": false,
            "postrender": [],
            "recreate_pods": false,
            "render_subchart_notes": true,
            "replace": false,
            "repository": null,
            "repository_ca_file": null,
            "repository_cert_file": null,
            "repository_key_file": null,
            "repository_password": null,
            "repository_username": null,
            "reset_values": false,
            "reuse_values": false,
            "set": [
              {
                "name": "image.repository",
                "type": "",
                "value": "localhost:5000/mobius-view"
              },
              {
                "name": "image.tag",
                "type": "",
                "value": "12.1.1"
              },
              {
                "name": "initRepository.host",
                "type": "",
                "value": "mobius12"
              },
              {
                "name": "initRepository.port",
                "type": "",
                "value": "8080"
              },
              {
                "name": "master.mobiusViewDiagnostics.persistentVolume.accessMode",
                "type": "",
                "value": "ReadWriteOnce"
              },
              {
                "name": "master.mobiusViewDiagnostics.persistentVolume.claimName",
                "type": "",
                "value": "pvc-mobiusview12-diagnostics"
              },
              {
                "name": "master.mobiusViewDiagnostics.persistentVolume.size",
                "type": "",
                "value": "1Gi"
              },
              {
                "name": "master.persistence.accessMode",
                "type": "",
                "value": "ReadWriteOnce"
              },
              {
                "name": "master.persistence.claimName",
                "type": "",
                "value": "pvc-mobiusview12-storage"
              },
              {
                "name": "master.persistence.size",
                "type": "",
                "value": "1Gi"
              },
              {
                "name": "master.presentations.persistentVolume.accessMode",
                "type": "",
                "value": "ReadWriteOnce"
              },
              {
                "name": "master.presentations.persistentVolume.claimName",
                "type": "",
                "value": "pvc-mobiusview12-presentation"
              },
              {
                "name": "master.presentations.persistentVolume.size",
                "type": "",
                "value": "1Gi"
              },
              {
                "name": "service.port",
                "type": "",
                "value": "8080"
              }
            ],
            "set_sensitive": [],
            "skip_crds": false,
            "status": "deployed",
            "timeout": 300,
            "values": [
              "{\"ingress\":{\"annotations\":{\"nginx.ingress.kubernetes.io/affinity\":\"cookie\",\"nginx.ingress.kubernetes.io/affinity-mode\":\"persistent\",\"nginx.ingress.kubernetes.io/proxy-body-size\":\"32m\",\"nginx.ingress.kubernetes.io/proxy-buffer-size\":\"8k\",\"nginx.ingress.kubernetes.io/rewrite-target\":\"/mobius$1\",\"nginx.ingress.kubernetes.io/session-cookie-change-on-failure\":\"false\",\"nginx.ingress.kubernetes.io/session-cookie-expires\":\"172800\",\"nginx.ingress.kubernetes.io/session-cookie-hash\":\"sha1\",\"nginx.ingress.kubernetes.io/session-cookie-max-age\":\"172800\",\"nginx.ingress.kubernetes.io/session-cookie-name\":\"session-cookie\",\"nginx.ingress.kubernetes.io/session-cookie-path\":\"/mobius\",\"nginx.ingress.kubernetes.io/ssl-redirect\":\"false\"},\"className\":\"nginx\",\"enabled\":true,\"hosts\":[{\"host\":\"mobius12.local.net\",\"paths\":[{\"path\":\"/mobius(.*)$\",\"pathType\":\"ImplementationSpecific\"}]}]}}"
            ],
            "verify": false,
            "version": "12.0.0",
            "wait": true,
            "wait_for_jobs": false
          },
          "sensitive_attributes": [],
          "private": "eyJzY2hlbWFfdmVyc2lvbiI6IjEifQ==",
          "dependencies": [
            "kubernetes_secret.mobius-tls-secret",
            "kubernetes_secret.mobiusview-server-secrets",
            "kubernetes_secret.mobiusview_license"
          ]
        }
      ]
    },
    {
      "mode": "managed",
      "type": "kubernetes_namespace",
      "name": "mobius",
      "provider": "provider[\"registry.terraform.io/hashicorp/kubernetes\"]",
      "instances": [
        {
          "schema_version": 0,
          "attributes": {
            "id": "mobius-prod",
            "metadata": [
              {
                "annotations": {
                  "name": "mobius-prod"
                },
                "generate_name": "",
                "generation": 0,
                "labels": {
                  "mylabel": "mobius"
                },
                "name": "mobius-prod",
                "resource_version": "3602",
                "uid": "272ff6fd-6b7a-4aa2-b28f-4ed619e63da8"
              }
            ],
            "timeouts": null
          },
          "sensitive_attributes": [],
          "private": "eyJlMmJmYjczMC1lY2FhLTExZTYtOGY4OC0zNDM2M2JjN2M0YzAiOnsiZGVsZXRlIjozMDAwMDAwMDAwMDB9fQ=="
        }
      ]
    },
    {
      "mode": "managed",
      "type": "kubernetes_persistent_volume_claim",
      "name": "mobius12-diag",
      "provider": "provider[\"registry.terraform.io/hashicorp/kubernetes\"]",
      "instances": [
        {
          "schema_version": 0,
          "attributes": {
            "id": "mobius-prod/pvc-mobius12-diagnose",
            "metadata": [
              {
                "annotations": null,
                "generate_name": "",
                "generation": 0,
                "labels": null,
                "name": "pvc-mobius12-diagnose",
                "namespace": "mobius-prod",
                "resource_version": "3739",
                "uid": "2113d4fd-819a-4483-957b-cc5a16ef4fd5"
              }
            ],
            "spec": [
              {
                "access_modes": [
                  "ReadWriteOnce"
                ],
                "resources": [
                  {
                    "limits": null,
                    "requests": {
                      "storage": "1Gi"
                    }
                  }
                ],
                "selector": [],
                "storage_class_name": "local-path",
                "volume_name": "pvc-2113d4fd-819a-4483-957b-cc5a16ef4fd5"
              }
            ],
            "timeouts": null,
            "wait_until_bound": true
          },
          "sensitive_attributes": [],
          "private": "eyJlMmJmYjczMC1lY2FhLTExZTYtOGY4OC0zNDM2M2JjN2M0YzAiOnsiY3JlYXRlIjozMDAwMDAwMDAwMDB9fQ=="
        }
      ]
    },
    {
      "mode": "managed",
      "type": "kubernetes_persistent_volume_claim",
      "name": "mobius12-efs",
      "provider": "provider[\"registry.terraform.io/hashicorp/kubernetes\"]",
      "instances": [
        {
          "schema_version": 0,
          "attributes": {
            "id": "mobius-prod/pvc-mobius12-efs",
            "metadata": [
              {
                "annotations": null,
                "generate_name": "",
                "generation": 0,
                "labels": null,
                "name": "pvc-mobius12-efs",
                "namespace": "mobius-prod",
                "resource_version": "3724",
                "uid": "1133c264-d396-4bce-a9cf-412c362562fb"
              }
            ],
            "spec": [
              {
                "access_modes": [
                  "ReadWriteOnce"
                ],
                "resources": [
                  {
                    "limits": null,
                    "requests": {
                      "storage": "1Gi"
                    }
                  }
                ],
                "selector": [],
                "storage_class_name": "local-path",
                "volume_name": "pvc-1133c264-d396-4bce-a9cf-412c362562fb"
              }
            ],
            "timeouts": null,
            "wait_until_bound": true
          },
          "sensitive_attributes": [],
          "private": "eyJlMmJmYjczMC1lY2FhLTExZTYtOGY4OC0zNDM2M2JjN2M0YzAiOnsiY3JlYXRlIjozMDAwMDAwMDAwMDB9fQ=="
        }
      ]
    },
    {
      "mode": "managed",
      "type": "kubernetes_persistent_volume_claim",
      "name": "mobiusview12-diag",
      "provider": "provider[\"registry.terraform.io/hashicorp/kubernetes\"]",
      "instances": [
        {
          "schema_version": 0,
          "attributes": {
            "id": "mobius-prod/pvc-mobiusview12-diagnostics",
            "metadata": [
              {
                "annotations": null,
                "generate_name": "",
                "generation": 0,
                "labels": null,
                "name": "pvc-mobiusview12-diagnostics",
                "namespace": "mobius-prod",
                "resource_version": "3753",
                "uid": "676fb6db-3b96-4c58-9ba9-3a62ba6f4f31"
              }
            ],
            "spec": [
              {
                "access_modes": [
                  "ReadWriteOnce"
                ],
                "resources": [
                  {
                    "limits": null,
                    "requests": {
                      "storage": "1Gi"
                    }
                  }
                ],
                "selector": [],
                "storage_class_name": "local-path",
                "volume_name": "pvc-676fb6db-3b96-4c58-9ba9-3a62ba6f4f31"
              }
            ],
            "timeouts": null,
            "wait_until_bound": true
          },
          "sensitive_attributes": [],
          "private": "eyJlMmJmYjczMC1lY2FhLTExZTYtOGY4OC0zNDM2M2JjN2M0YzAiOnsiY3JlYXRlIjozMDAwMDAwMDAwMDB9fQ=="
        }
      ]
    },
    {
      "mode": "managed",
      "type": "kubernetes_persistent_volume_claim",
      "name": "mobiusview12-pres",
      "provider": "provider[\"registry.terraform.io/hashicorp/kubernetes\"]",
      "instances": [
        {
          "schema_version": 0,
          "attributes": {
            "id": "mobius-prod/pvc-mobiusview12-presentation",
            "metadata": [
              {
                "annotations": null,
                "generate_name": "",
                "generation": 0,
                "labels": null,
                "name": "pvc-mobiusview12-presentation",
                "namespace": "mobius-prod",
                "resource_version": "3769",
                "uid": "b3a6a4b4-2935-45be-921a-7952db3ceef8"
              }
            ],
            "spec": [
              {
                "access_modes": [
                  "ReadWriteOnce"
                ],
                "resources": [
                  {
                    "limits": null,
                    "requests": {
                      "storage": "1Gi"
                    }
                  }
                ],
                "selector": [],
                "storage_class_name": "local-path",
                "volume_name": "pvc-b3a6a4b4-2935-45be-921a-7952db3ceef8"
              }
            ],
            "timeouts": null,
            "wait_until_bound": true
          },
          "sensitive_attributes": [],
          "private": "eyJlMmJmYjczMC1lY2FhLTExZTYtOGY4OC0zNDM2M2JjN2M0YzAiOnsiY3JlYXRlIjozMDAwMDAwMDAwMDB9fQ=="
        }
      ]
    },
    {
      "mode": "managed",
      "type": "kubernetes_persistent_volume_claim",
      "name": "mobiusview12-storage",
      "provider": "provider[\"registry.terraform.io/hashicorp/kubernetes\"]",
      "instances": [
        {
          "schema_version": 0,
          "attributes": {
            "id": "mobius-prod/pvc-mobiusview12-storage",
            "metadata": [
              {
                "annotations": null,
                "generate_name": "",
                "generation": 0,
                "labels": null,
                "name": "pvc-mobiusview12-storage",
                "namespace": "mobius-prod",
                "resource_version": "3757",
                "uid": "f42ba9b7-af59-42f2-94cc-00c9434e617b"
              }
            ],
            "spec": [
              {
                "access_modes": [
                  "ReadWriteOnce"
                ],
                "resources": [
                  {
                    "limits": null,
                    "requests": {
                      "storage": "1Gi"
                    }
                  }
                ],
                "selector": [],
                "storage_class_name": "local-path",
                "volume_name": "pvc-f42ba9b7-af59-42f2-94cc-00c9434e617b"
              }
            ],
            "timeouts": null,
            "wait_until_bound": true
          },
          "sensitive_attributes": [],
          "private": "eyJlMmJmYjczMC1lY2FhLTExZTYtOGY4OC0zNDM2M2JjN2M0YzAiOnsiY3JlYXRlIjozMDAwMDAwMDAwMDB9fQ=="
        }
      ]
    },
    {
      "mode": "managed",
      "type": "kubernetes_secret",
      "name": "mobius-tls-secret",
      "provider": "provider[\"registry.terraform.io/hashicorp/kubernetes\"]",
      "instances": [
        {
          "schema_version": 0,
          "attributes": {
            "binary_data": null,
            "data": {
              "tls.crt": "LS0tLS1CRUdJTiBDRVJUSUZJQ0FURS0tLS0tCk1JSURXekNDQWtPZ0F3SUJBZ0lVZFhHQkloTk5JcDVmaFFnU0U3Skk1MjQycjJRd0RRWUpLb1pJaHZjTkFRRUwKQlFBd0hURWJNQmtHQTFVRUF3d1NiVzlpYVhWek1USXViRzlqWVd3dWJtVjBNQjRYRFRJek1EUXhOakUwTWpNeApNbG9YRFRNek1EUXhNekUwTWpNeE1sb3dIVEViTUJrR0ExVUVBd3dTYlc5aWFYVnpNVEl1Ykc5allXd3VibVYwCk1JSUJJakFOQmdrcWhraUc5dzBCQVFFRkFBT0NBUThBTUlJQkNnS0NBUUVBdkE0SFRFZnNJeTBKOEh0WnE3Um8KZ0RIQXoxZHR0ZVpYR0FXd2ZWMWM0K2JWM3F0Ulc1SDFBcHRZVnZXb0d2Q3FBaUNzUzhXS3JKc21uZDNsTkFOdAp2RTFtUTdoU1J6a0hxbGVPTTdsK2l4YUdCRjc2OHhqYk01aG5BUjZPaHcvalZRSk93ZUJmSzhTR2ZvLzN5STNvCmsyMG42RXhMSFpnS1pxT3ZiRHJSN21HRlI0N2lZQy9KODRSek95MWVMTmxLREwwalVpQWhVemJVT0duNTRwbEMKcWJSb2RZaHJXc2QyU3NmNG5KYXZUS3Z5aDQvMk5FVzdvdFMyWko0bEVoc2F1WjRDeFlFRGREcjVJWEZIc3dTaApTS1JmNWUwRjE5VzNhUUVzeWJIMWliQTBTcjZRdlFwYmlTS2pVTWFFalNrejdYYzV3djJPK0hNeFQ5RTBPSHJjCmRRSURBUUFCbzRHU01JR1BNQjBHQTFVZERnUVdCQlRNMmtSb21hOWErL3hLMVRnanRYL21yenlOdmpBZkJnTlYKSFNNRUdEQVdnQlRNMmtSb21hOWErL3hLMVRnanRYL21yenlOdmpBUEJnTlZIUk1CQWY4RUJUQURBUUgvTUIwRwpBMVVkRVFRV01CU0NFbTF2WW1sMWN6RXlMbXh2WTJGc0xtNWxkREFkQmdOVkhTVUVGakFVQmdnckJnRUZCUWNECkFRWUlLd1lCQlFVSEF3SXdEUVlKS29aSWh2Y05BUUVMQlFBRGdnRUJBR3pFbmdHeXpLVmJ1c2tiTDl5bjFhWDAKVnAzUWVnNkVsMnVNcWxzamV6Q0dqRHFqOGVSYmt5eEZoLzVxeGRXeENsa1hIZGVTMVBTZWZHVTlJb1QrdEN1MwpQZDdmVGE3cmp6RVpCWSs4dTBWSjJSWVNUZzBzQW53bWlWYUFxT29ZZVBsMXVEdnhKSlN6dUI2YkE1cFU1WVhyCk9RU3B1Z3Zoc3Brc09KVGtmUEp6TDB0TjdGYmVyUi9aQ0lJSTFSa1JITDdZbGUzZWNjbVB2SkpDZHVpY01tbjcKbDZHV3BJaDBYSW5KVmdkbEJjTGtrMlRkdWllbEI2aVJkWVNJc29SSXlTcldYL3F2aU45T3NnUktPT1JoUEFVVwplbnVhTlhhWXpyNDh0T2JXWTAzZWp6WXFJOFFkQUJzZFpXSlowYVc0UUx0VEtjZXd2MTBpOFYrMGs3TkpSVVk9Ci0tLS0tRU5EIENFUlRJRklDQVRFLS0tLS0K",
              "tls.key": "LS0tLS1CRUdJTiBQUklWQVRFIEtFWS0tLS0tCk1JSUV2Z0lCQURBTkJna3Foa2lHOXcwQkFRRUZBQVNDQktnd2dnU2tBZ0VBQW9JQkFRQzhEZ2RNUit3akxRbncKZTFtcnRHaUFNY0RQVjIyMTVsY1lCYkI5WFZ6ajV0WGVxMUZia2ZVQ20xaFc5YWdhOEtvQ0lLeEx4WXFzbXlhZAozZVUwQTIyOFRXWkR1RkpIT1FlcVY0NHp1WDZMRm9ZRVh2cnpHTnN6bUdjQkhvNkhEK05WQWs3QjRGOHJ4SVorCmovZklqZWlUYlNmb1RFc2RtQXBtbzY5c090SHVZWVZIanVKZ0w4bnpoSE03TFY0czJVb012U05TSUNGVE50UTQKYWZuaW1VS3B0R2gxaUd0YXgzWkt4L2ljbHE5TXEvS0hqL1kwUmJ1aTFMWmtuaVVTR3hxNW5nTEZnUU4wT3ZraApjVWV6QktGSXBGL2w3UVhYMWJkcEFTekpzZldKc0RSS3ZwQzlDbHVKSXFOUXhvU05LVFB0ZHpuQy9ZNzRjekZQCjBUUTRldHgxQWdNQkFBRUNnZ0VBQ0VldmcyaTZTV0tMQ0wzaG81NnpVdUQ5N2VpRXB6T2Faa1RLaHlhUEltWVEKU00yRWJQS25BS09oakROUG9Nb0pHTzYzMmdrN1hjdGlDVkE5dytCdnhUdFNNMDFMRlhia2N4Z0hwZTJNV0doQwo0OXFMdnZHUXBlWlhYZ21xcEdDVnl2RXBweE12bFpBc1lpZTBINjQ4alRzMTV6T1piaGJsbWF4L2haV0J3ZmE4CkhEUkhhUWhQTlA2bzBVSjNHRFU5allDVDdYb3JXUW10N3B4RWlieDZQT3IwY2NUQXlHejBIKzUvQ3plR21zaGcKdHc2cjBNTW1CeGdkdmh1SFJRUFJjZXBBSlhDa2l2Uk4zWkhzaStyeFA3MFdYUTI4dnA5bWpzL1NpdmdFdEU1eAprbmZWdmQvRVAwMy9lYXhUbTN4d29rS2E4VVVJWk52cnNDNG85S0VEZ1FLQmdRRFdpSVlKQVRjR2FSbkZpYkRGClJoanBuMFhlVG03anh0a1dKODV6MHdxMTFPU2IwS3ZIdTd3ZjRscUtEUTJBZXlyTkFKaUxFeGJ4Q09QSDdKSG0KQ1J1eXZSelFwN1RpS1Q2OG9wMllrRzJPbFNDbFJ0d0dXN1F2WEtyR0txelNLUjkwWkNqMnFUNjNpZVRhOVBONApCL3BNUmR5cXVtQkVkbnloT2NQa0x6R2s5UUtCZ1FEZ1owMnJJUlpGUVRqcTVuMytJbGpPWHVQVURQM2JDREM4CmIxTWNNUXZNYWVRSUc5MlBCODRyajNsdTJpOVp4anRLSkxyaFp3enZXbHIyY3NvY2ZhajJhSFN1WmpXRytkNEYKb3BzYUd0SXNYSDl3ZUpsRFNyUHB3RUl6ZXNmN2F4d1BpaE5nWFB4MkN2SHJibGpMV0VCVm8zVUxCdEFOV3JjSApxdVU4emEycGdRS0JnUUNBanhXTFJlQWNobFQ4VEZQVEUvdVAzSE01RWRWZngrU0ZZMXRUaTA5cXdXWXhmVzNEClpsd0kyMU1ZVVZRYS96UVozMWFLV09reGpmczU3aWxNS1g4Z3NEVVpVTGFUcE5YRW9zcEFCNlN2Z2V3clB2aFIKRXhrNkhKVDE1ZExrcWVJQWxKajduMVpIRkdwQlQvS3FwbFUyNmRLZnVNcEJuS040MWkzdWl0MThGUUtCZ1FDNQp3bW9WN2tiTVA0aUpVeEliREgydEgvbkM4Sm8zOVppNmRBRTloaEE1UDdMblQ0SGh3OWxVVCtsNjdSeGpXV2g5CklOaWVmRHJGN0dyK05kbS9LZnB6TjliWEEzN3Q0K3Q1aUxpU0xIK3MvMGp6WnJHZ2RiZG5HYUx6a0lENVRCb24KZHVwQlM5Z2xNenc5NHRPWVNNN0ExWld1OGczSjhEMHhHTE80Mko0WWdRS0JnQU1Ncmp3c0pVQWpzRG5HbTBuSgpTVzlpNy80aTlWeFNrNjBzVUpIa0RjNXR0T25wM1dvbkdidFZkUEhqeDJMVTB3UzZDQitXakhCamVVUmc0SkxoCk9NNGQzd2VWRlBCcHlGVTlmK3g4bXRFQ1pVakFUL0JJYnBYQXFjNk1vVStFeHNhT29mNCtJMldRZ01Tb21QdjUKNVphMUpueEh6SThQV1I2ZFo5Tm1ULzBGCi0tLS0tRU5EIFBSSVZBVEUgS0VZLS0tLS0K"
            },
            "id": "mobius-prod/mobius-tls-secret",
            "immutable": false,
            "metadata": [
              {
                "annotations": null,
                "generate_name": "",
                "generation": 0,
                "labels": null,
                "name": "mobius-tls-secret",
                "namespace": "mobius-prod",
                "resource_version": "3606",
                "uid": "5098a253-d900-474f-9f0e-f8fe1632be62"
              }
            ],
            "timeouts": null,
            "type": "kubernetes.io/tls",
            "wait_for_service_account_token": true
          },
          "sensitive_attributes": [],
          "private": "eyJlMmJmYjczMC1lY2FhLTExZTYtOGY4OC0zNDM2M2JjN2M0YzAiOnsiY3JlYXRlIjo2MDAwMDAwMDAwMH19"
        }
      ]
    },
    {
      "mode": "managed",
      "type": "kubernetes_secret",
      "name": "mobius12",
      "provider": "provider[\"registry.terraform.io/hashicorp/kubernetes\"]",
      "instances": [
        {
          "schema_version": 0,
          "attributes": {
            "binary_data": null,
            "data": {
              "endpoint": "postgres-postgresql.shared",
              "password": "postgres",
              "port": "5432",
              "schema": "mobiusserver12",
              "topicPassword": "postgres",
              "topicUrl": "jdbc:postgresql://postgres-postgresql.shared:5432/eventanalytics",
              "topicUser": "eventanalytics",
              "user": "mobiusserver12"
            },
            "id": "mobius-prod/mobius-server-secrets",
            "immutable": false,
            "metadata": [
              {
                "annotations": null,
                "generate_name": "",
                "generation": 0,
                "labels": null,
                "name": "mobius-server-secrets",
                "namespace": "mobius-prod",
                "resource_version": "3603",
                "uid": "75fe4940-9e02-4f76-ad92-c52fc38af49a"
              }
            ],
            "timeouts": null,
            "type": "Opaque",
            "wait_for_service_account_token": true
          },
          "sensitive_attributes": [],
          "private": "eyJlMmJmYjczMC1lY2FhLTExZTYtOGY4OC0zNDM2M2JjN2M0YzAiOnsiY3JlYXRlIjo2MDAwMDAwMDAwMH19"
        }
      ]
    },
    {
      "mode": "managed",
      "type": "kubernetes_secret",
      "name": "mobiusview-server-secrets",
      "provider": "provider[\"registry.terraform.io/hashicorp/kubernetes\"]",
      "instances": [
        {
          "schema_version": 0,
          "attributes": {
            "binary_data": null,
            "data": {
              "password": "postgres",
              "url": "jdbc:postgresql://postgres-postgresql.shared:5432/mobiusview12",
              "username": "mobiusview12"
            },
            "id": "mobius-prod/mobiusview-server-secrets",
            "immutable": false,
            "metadata": [
              {
                "annotations": null,
                "generate_name": "",
                "generation": 0,
                "labels": null,
                "name": "mobiusview-server-secrets",
                "namespace": "mobius-prod",
                "resource_version": "3609",
                "uid": "229d9dd6-9fe0-42a2-bded-7866f1dabbe4"
              }
            ],
            "timeouts": null,
            "type": "Opaque",
            "wait_for_service_account_token": true
          },
          "sensitive_attributes": [],
          "private": "eyJlMmJmYjczMC1lY2FhLTExZTYtOGY4OC0zNDM2M2JjN2M0YzAiOnsiY3JlYXRlIjo2MDAwMDAwMDAwMH19"
        }
      ]
    },
    {
      "mode": "managed",
      "type": "kubernetes_secret",
      "name": "mobiusview_license",
      "provider": "provider[\"registry.terraform.io/hashicorp/kubernetes\"]",
      "instances": [
        {
          "schema_version": 0,
          "attributes": {
            "binary_data": null,
            "data": {
              "license": "01MOBIUS52464A464C4BC95859518381908FAEA4434F46515E53539681955B454D6240534556564351471D454D12405303565672514759454D1640530556560B51470E454D6040537C56560D514715454D1040536556560351470A454D0540531356560951472A454D2A40531556561D5642BB544F4A095454A4A7A744454B0C4A4FB2A2A0365456594348D9B486"
            },
            "id": "mobius-prod/mobius-license",
            "immutable": false,
            "metadata": [
              {
                "annotations": null,
                "generate_name": "",
                "generation": 0,
                "labels": null,
                "name": "mobius-license",
                "namespace": "mobius-prod",
                "resource_version": "3605",
                "uid": "b08f83dd-2aa1-4955-96f7-68d517d2c42d"
              }
            ],
            "timeouts": null,
            "type": "Opaque",
            "wait_for_service_account_token": true
          },
          "sensitive_attributes": [],
          "private": "eyJlMmJmYjczMC1lY2FhLTExZTYtOGY4OC0zNDM2M2JjN2M0YzAiOnsiY3JlYXRlIjo2MDAwMDAwMDAwMH19"
        }
      ]
    }
  ],
  "check_results": null
}
