{
  "version": 4,
  "terraform_version": "1.4.4",
  "serial": 200,
  "lineage": "380249e5-2e22-e099-b7e1-55c8a6b6d8bf",
  "outputs": {},
  "resources": [
    {
      "mode": "managed",
      "type": "helm_release",
      "name": "elastic",
      "provider": "provider[\"registry.terraform.io/hashicorp/helm\"]",
      "instances": []
    },
    {
      "mode": "managed",
      "type": "helm_release",
      "name": "kafka",
      "provider": "provider[\"registry.terraform.io/hashicorp/helm\"]",
      "instances": [
        {
          "schema_version": 1,
          "attributes": {
            "atomic": false,
            "chart": "./helm/shared-kafka",
            "cleanup_on_fail": false,
            "create_namespace": true,
            "dependency_update": false,
            "description": null,
            "devel": null,
            "disable_crd_hooks": false,
            "disable_openapi_validation": false,
            "disable_webhooks": false,
            "force_update": false,
            "id": "kafka",
            "keyring": null,
            "lint": false,
            "manifest": null,
            "max_history": 0,
            "metadata": [
              {
                "app_version": "3.3.2-debian-11-r22",
                "chart": "shared-kafka",
                "name": "kafka",
                "namespace": "shared",
                "revision": 1,
                "values": "{\"image\":{\"repository\":\"bitnami/kafka\",\"tag\":\"3.3.2-debian-11-r22\"},\"serviceAccount\":{\"name\":\"shared-kafka\"}}",
                "version": "3.3.1"
              }
            ],
            "name": "kafka",
            "namespace": "shared",
            "pass_credentials": false,
            "postrender": [],
            "recreate_pods": false,
            "render_subchart_notes": true,
            "replace": false,
            "repository": null,
            "repository_ca_file": null,
            "repository_cert_file": null,
            "repository_key_file": null,
            "repository_password": null,
            "repository_username": null,
            "reset_values": false,
            "reuse_values": false,
            "set": [
              {
                "name": "image.repository",
                "type": "",
                "value": "bitnami/kafka"
              },
              {
                "name": "image.tag",
                "type": "",
                "value": "3.3.2-debian-11-r22"
              },
              {
                "name": "serviceAccount.name",
                "type": "",
                "value": "shared-kafka"
              }
            ],
            "set_sensitive": [],
            "skip_crds": false,
            "status": "deployed",
            "timeout": 300,
            "values": null,
            "verify": false,
            "version": "3.3.1",
            "wait": true,
            "wait_for_jobs": false
          },
          "sensitive_attributes": [],
          "private": "eyJzY2hlbWFfdmVyc2lvbiI6IjEifQ=="
        }
      ]
    },
    {
      "mode": "managed",
      "type": "helm_release",
      "name": "pgadmin",
      "provider": "provider[\"registry.terraform.io/hashicorp/helm\"]",
      "instances": [
        {
          "schema_version": 1,
          "attributes": {
            "atomic": false,
            "chart": "./helm/shared-pgadmin4",
            "cleanup_on_fail": false,
            "create_namespace": true,
            "dependency_update": false,
            "description": null,
            "devel": null,
            "disable_crd_hooks": false,
            "disable_openapi_validation": false,
            "disable_webhooks": false,
            "force_update": false,
            "id": "pgadmin",
            "keyring": null,
            "lint": false,
            "manifest": null,
            "max_history": 0,
            "metadata": [
              {
                "app_version": "6.21",
                "chart": "pgadmin4",
                "name": "pgadmin",
                "namespace": "shared",
                "revision": 1,
                "values": "{\"image\":{\"repository\":\"dpage/pgadmin4\",\"tag\":\"latest\"},\"ingress\":{\"annotations\":{\"nginx.ingress.kubernetes.io/affinity\":\"cookie\",\"nginx.ingress.kubernetes.io/affinity-mode\":\"persistent\",\"nginx.ingress.kubernetes.io/configuration-snippet\":\"proxy_set_header X-Script-Name /pgadmin4;\",\"nginx.ingress.kubernetes.io/proxy-body-size\":\"32m\",\"nginx.ingress.kubernetes.io/proxy-buffer-size\":\"8k\",\"nginx.ingress.kubernetes.io/session-cookie-change-on-failure\":\"false\",\"nginx.ingress.kubernetes.io/session-cookie-expires\":\"172800\",\"nginx.ingress.kubernetes.io/session-cookie-hash\":\"sha1\",\"nginx.ingress.kubernetes.io/session-cookie-max-age\":\"172800\",\"nginx.ingress.kubernetes.io/session-cookie-name\":\"session-cookie\",\"nginx.ingress.kubernetes.io/session-cookie-path\":\"/pgadmin4\",\"nginx.ingress.kubernetes.io/ssl-redirect\":\"false\"},\"className\":\"nginx\",\"enabled\":true,\"hosts\":[{\"host\":\"pgadmin.local.net\",\"paths\":[{\"path\":\"/pgadmin4\",\"pathType\":\"ImplementationSpecific\"}]}]},\"namespace\":\"shared\"}",
                "version": "1.0.0"
              }
            ],
            "name": "pgadmin",
            "namespace": "shared",
            "pass_credentials": false,
            "postrender": [],
            "recreate_pods": false,
            "render_subchart_notes": true,
            "replace": false,
            "repository": null,
            "repository_ca_file": null,
            "repository_cert_file": null,
            "repository_key_file": null,
            "repository_password": null,
            "repository_username": null,
            "reset_values": false,
            "reuse_values": false,
            "set": [
              {
                "name": "image.repository",
                "type": "",
                "value": "dpage/pgadmin4"
              },
              {
                "name": "image.tag",
                "type": "",
                "value": "latest"
              },
              {
                "name": "namespace",
                "type": "",
                "value": "shared"
              }
            ],
            "set_sensitive": [],
            "skip_crds": false,
            "status": "deployed",
            "timeout": 300,
            "values": [
              "{\"ingress\":{\"annotations\":{\"nginx.ingress.kubernetes.io/affinity\":\"cookie\",\"nginx.ingress.kubernetes.io/affinity-mode\":\"persistent\",\"nginx.ingress.kubernetes.io/configuration-snippet\":\"proxy_set_header X-Script-Name /pgadmin4;\",\"nginx.ingress.kubernetes.io/proxy-body-size\":\"32m\",\"nginx.ingress.kubernetes.io/proxy-buffer-size\":\"8k\",\"nginx.ingress.kubernetes.io/session-cookie-change-on-failure\":\"false\",\"nginx.ingress.kubernetes.io/session-cookie-expires\":\"172800\",\"nginx.ingress.kubernetes.io/session-cookie-hash\":\"sha1\",\"nginx.ingress.kubernetes.io/session-cookie-max-age\":\"172800\",\"nginx.ingress.kubernetes.io/session-cookie-name\":\"session-cookie\",\"nginx.ingress.kubernetes.io/session-cookie-path\":\"/pgadmin4\",\"nginx.ingress.kubernetes.io/ssl-redirect\":\"false\"},\"className\":\"nginx\",\"enabled\":true,\"hosts\":[{\"host\":\"pgadmin.local.net\",\"paths\":[{\"path\":\"/pgadmin4\",\"pathType\":\"ImplementationSpecific\"}]}]}}"
            ],
            "verify": false,
            "version": "1.0.0",
            "wait": true,
            "wait_for_jobs": false
          },
          "sensitive_attributes": [],
          "private": "eyJzY2hlbWFfdmVyc2lvbiI6IjEifQ=="
        }
      ]
    },
    {
      "mode": "managed",
      "type": "helm_release",
      "name": "postgres",
      "provider": "provider[\"registry.terraform.io/hashicorp/helm\"]",
      "instances": [
        {
          "schema_version": 1,
          "attributes": {
            "atomic": false,
            "chart": "./helm/shared-postgres",
            "cleanup_on_fail": false,
            "create_namespace": true,
            "dependency_update": false,
            "description": null,
            "devel": null,
            "disable_crd_hooks": false,
            "disable_openapi_validation": false,
            "disable_webhooks": false,
            "force_update": false,
            "id": "postgres",
            "keyring": null,
            "lint": false,
            "manifest": null,
            "max_history": 0,
            "metadata": [
              {
                "app_version": "14.4.0",
                "chart": "postgresql",
                "name": "postgres",
                "namespace": "shared",
                "revision": 1,
                "values": "{\"global\":{\"postgresql\":{\"auth\":{\"existingSecret\":\"postgres-secrets\",\"secretKeys\":{\"adminPasswordKey\":\"postgres-password\"}}}},\"primary\":{\"initdb\":{\"scripts\":{\"create-databases.sql\":\"CREATE ROLE \\\"mobiusserver12\\\" WITH LOGIN NOSUPERUSER NOCREATEDB NOCREATEROLE INHERIT NOREPLICATION CONNECTION LIMIT -1 PASSWORD 'postgres';\\r\\nCREATE ROLE \\\"mobiusview12\\\" WITH LOGIN NOSUPERUSER NOCREATEDB NOCREATEROLE INHERIT NOREPLICATION CONNECTION LIMIT -1 PASSWORD 'postgres';\\r\\nCREATE ROLE \\\"eventanalytics\\\" WITH LOGIN NOSUPERUSER NOCREATEDB NOCREATEROLE INHERIT NOREPLICATION CONNECTION LIMIT -1 PASSWORD 'postgres';\\r\\nCREATE DATABASE \\\"mobiusserver12\\\" WITH OWNER = \\\"mobiusserver12\\\" TEMPLATE = template0 ENCODING = 'UTF8' LC_COLLATE = 'C' LC_CTYPE = 'C' TABLESPACE = pg_default CONNECTION LIMIT = -1;\\r\\nCREATE DATABASE \\\"mobiusview12\\\" WITH OWNER = \\\"mobiusview12\\\" TEMPLATE = template0 ENCODING = 'UTF8' LC_COLLATE = 'C' LC_CTYPE = 'C' TABLESPACE = pg_default CONNECTION LIMIT = -1;\\r\\nCREATE DATABASE \\\"eventanalytics\\\" WITH OWNER = \\\"eventanalytics\\\" TEMPLATE = template0 ENCODING = 'UTF8' LC_COLLATE = 'C' LC_CTYPE = 'C' TABLESPACE = pg_default CONNECTION LIMIT = -1;\\r\\n\"}}}}",
                "version": "11.6.16"
              }
            ],
            "name": "postgres",
            "namespace": "shared",
            "pass_credentials": false,
            "postrender": [],
            "recreate_pods": false,
            "render_subchart_notes": true,
            "replace": false,
            "repository": null,
            "repository_ca_file": null,
            "repository_cert_file": null,
            "repository_key_file": null,
            "repository_password": null,
            "repository_username": null,
            "reset_values": false,
            "reuse_values": false,
            "set": [
              {
                "name": "global.postgresql.auth.existingSecret",
                "type": "",
                "value": "postgres-secrets"
              },
              {
                "name": "global.postgresql.auth.secretKeys.adminPasswordKey",
                "type": "",
                "value": "postgres-password"
              },
              {
                "name": "primary.initdb.scripts.create-databases\\.sql",
                "type": "",
                "value": "CREATE ROLE \"mobiusserver12\" WITH LOGIN NOSUPERUSER NOCREATEDB NOCREATEROLE INHERIT NOREPLICATION CONNECTION LIMIT -1 PASSWORD 'postgres';\r\nCREATE ROLE \"mobiusview12\" WITH LOGIN NOSUPERUSER NOCREATEDB NOCREATEROLE INHERIT NOREPLICATION CONNECTION LIMIT -1 PASSWORD 'postgres';\r\nCREATE ROLE \"eventanalytics\" WITH LOGIN NOSUPERUSER NOCREATEDB NOCREATEROLE INHERIT NOREPLICATION CONNECTION LIMIT -1 PASSWORD 'postgres';\r\nCREATE DATABASE \"mobiusserver12\" WITH OWNER = \"mobiusserver12\" TEMPLATE = template0 ENCODING = 'UTF8' LC_COLLATE = 'C' LC_CTYPE = 'C' TABLESPACE = pg_default CONNECTION LIMIT = -1;\r\nCREATE DATABASE \"mobiusview12\" WITH OWNER = \"mobiusview12\" TEMPLATE = template0 ENCODING = 'UTF8' LC_COLLATE = 'C' LC_CTYPE = 'C' TABLESPACE = pg_default CONNECTION LIMIT = -1;\r\nCREATE DATABASE \"eventanalytics\" WITH OWNER = \"eventanalytics\" TEMPLATE = template0 ENCODING = 'UTF8' LC_COLLATE = 'C' LC_CTYPE = 'C' TABLESPACE = pg_default CONNECTION LIMIT = -1;\r\n"
              }
            ],
            "set_sensitive": [],
            "skip_crds": false,
            "status": "deployed",
            "timeout": 300,
            "values": null,
            "verify": false,
            "version": "11.6.16",
            "wait": true,
            "wait_for_jobs": false
          },
          "sensitive_attributes": [],
          "private": "eyJzY2hlbWFfdmVyc2lvbiI6IjEifQ==",
          "dependencies": [
            "kubernetes_namespace.shared",
            "kubernetes_secret.postgres"
          ]
        }
      ]
    },
    {
      "mode": "managed",
      "type": "kubernetes_namespace",
      "name": "shared",
      "provider": "provider[\"registry.terraform.io/hashicorp/kubernetes\"]",
      "instances": [
        {
          "schema_version": 0,
          "attributes": {
            "id": "shared",
            "metadata": [
              {
                "annotations": {
                  "name": "shared"
                },
                "generate_name": "",
                "generation": 0,
                "labels": {
                  "mylabel": "shared"
                },
                "name": "shared",
                "resource_version": "2199",
                "uid": "d15087f5-5de2-4c00-9cc6-a381f1db40bc"
              }
            ],
            "timeouts": null
          },
          "sensitive_attributes": [],
          "private": "eyJlMmJmYjczMC1lY2FhLTExZTYtOGY4OC0zNDM2M2JjN2M0YzAiOnsiZGVsZXRlIjozMDAwMDAwMDAwMDB9fQ=="
        }
      ]
    },
    {
      "mode": "managed",
      "type": "kubernetes_secret",
      "name": "postgres",
      "provider": "provider[\"registry.terraform.io/hashicorp/kubernetes\"]",
      "instances": [
        {
          "schema_version": 0,
          "attributes": {
            "binary_data": null,
            "data": {
              "postgres-password": "postgres"
            },
            "id": "shared/postgres-secrets",
            "immutable": false,
            "metadata": [
              {
                "annotations": null,
                "generate_name": "",
                "generation": 0,
                "labels": null,
                "name": "postgres-secrets",
                "namespace": "shared",
                "resource_version": "2201",
                "uid": "26c752ed-17fd-4773-b5c1-3859268fbabc"
              }
            ],
            "timeouts": null,
            "type": "Opaque",
            "wait_for_service_account_token": true
          },
          "sensitive_attributes": [],
          "private": "eyJlMmJmYjczMC1lY2FhLTExZTYtOGY4OC0zNDM2M2JjN2M0YzAiOnsiY3JlYXRlIjo2MDAwMDAwMDAwMH19",
          "dependencies": [
            "kubernetes_namespace.shared"
          ]
        }
      ]
    }
  ],
  "check_results": null
}
